// !$*UTF8*$!
{
	archiveVersion = 1;
	classes = {
	};
	objectVersion = 56;
	objects = {

/* Begin PBXBuildFile section */
		11660AB5046B4793DFEC8B0D /* Pods_ShopifyTeam4_ShopifyTeam4UITests.framework in Frameworks */ = {isa = PBXBuildFile; fileRef = F86F2E68F13DA48B2C1076F2 /* Pods_ShopifyTeam4_ShopifyTeam4UITests.framework */; };
		2678B83F2A37449A008AAAB0 /* iOSDropDown.swift in Sources */ = {isa = PBXBuildFile; fileRef = 2678B83E2A37449A008AAAB0 /* iOSDropDown.swift */; };
		267BD2BA2A35295E0023D6D0 /* FavoriteViewController.swift in Sources */ = {isa = PBXBuildFile; fileRef = 267BD2B92A35295E0023D6D0 /* FavoriteViewController.swift */; };
		268F04DD2A34CF8A002122B7 /* ProductImageCollectionViewCell.swift in Sources */ = {isa = PBXBuildFile; fileRef = 268F04DC2A34CF8A002122B7 /* ProductImageCollectionViewCell.swift */; };
		26925E1C2A33D3BA000941FD /* ProductDetailsViewController.swift in Sources */ = {isa = PBXBuildFile; fileRef = 26925E1B2A33D3BA000941FD /* ProductDetailsViewController.swift */; };
		26BE80282A327D880054F656 /* FirebaseUser.swift in Sources */ = {isa = PBXBuildFile; fileRef = 26BE80272A327D880054F656 /* FirebaseUser.swift */; };
		26BE802A2A327EC70054F656 /* ConstantKeys.swift in Sources */ = {isa = PBXBuildFile; fileRef = 26BE80292A327EC70054F656 /* ConstantKeys.swift */; };
		26BE802E2A3287300054F656 /* AuthenticationService.swift in Sources */ = {isa = PBXBuildFile; fileRef = 26BE802D2A3287300054F656 /* AuthenticationService.swift */; };
		26BFAFC72A37236100775806 /* ReviewsViewController.swift in Sources */ = {isa = PBXBuildFile; fileRef = 26BFAFC62A37236100775806 /* ReviewsViewController.swift */; };
		26C09AC22A31F7D200A9113F /* Assets.xcassets in Resources */ = {isa = PBXBuildFile; fileRef = 26C09AC12A31F7D100A9113F /* Assets.xcassets */; };
		26E974A82A3AF611008DFDD1 /* ProductFavorite.swift in Sources */ = {isa = PBXBuildFile; fileRef = 26E974A72A3AF611008DFDD1 /* ProductFavorite.swift */; };
		26F9ED942A3AB4E000C3D5D3 /* RealmDBServices.swift in Sources */ = {isa = PBXBuildFile; fileRef = 26F9ED932A3AB4DF00C3D5D3 /* RealmDBServices.swift */; };
		26FCB8802A334046004C8383 /* GoogleService-Info.plist in Resources */ = {isa = PBXBuildFile; fileRef = 26FCB87F2A334046004C8383 /* GoogleService-Info.plist */; };
		26FCB8822A336B92004C8383 /* SignUpViewModel.swift in Sources */ = {isa = PBXBuildFile; fileRef = 26FCB8812A336B92004C8383 /* SignUpViewModel.swift */; };
		26FCB8842A336BB4004C8383 /* SignInViewModel.swift in Sources */ = {isa = PBXBuildFile; fileRef = 26FCB8832A336BB4004C8383 /* SignInViewModel.swift */; };
		3E0094D34499A21ECC3D9582 /* Pods_ShopifyTeam4Tests.framework in Frameworks */ = {isa = PBXBuildFile; fileRef = 8C98C6B8DB1F339AD74308A4 /* Pods_ShopifyTeam4Tests.framework */; };
		65F21DE5BB89EBF8218212A7 /* Pods_ShopifyTeam4.framework in Frameworks */ = {isa = PBXBuildFile; fileRef = 6F2A974D0623176D1816B1C3 /* Pods_ShopifyTeam4.framework */; };
		8F0A6C4B2A3B3EA200ED19B8 /* ProductCart.swift in Sources */ = {isa = PBXBuildFile; fileRef = 8F0A6C4A2A3B3EA200ED19B8 /* ProductCart.swift */; };
		8F1539AC2A35CD9700D77550 /* ToastViewExtension.swift in Sources */ = {isa = PBXBuildFile; fileRef = 8F1539AB2A35CD9600D77550 /* ToastViewExtension.swift */; };
		8F1539B02A35E0E300D77550 /* PaymentViewModel.swift in Sources */ = {isa = PBXBuildFile; fileRef = 8F1539AF2A35E0E300D77550 /* PaymentViewModel.swift */; };
		8F1539B22A3617D300D77550 /* AddressModel.swift in Sources */ = {isa = PBXBuildFile; fileRef = 8F1539B12A3617D300D77550 /* AddressModel.swift */; };
		8F22AC2A2A2F7B6E00016D1F /* CurrencyViewController.swift in Sources */ = {isa = PBXBuildFile; fileRef = 8F22AC292A2F7B6D00016D1F /* CurrencyViewController.swift */; };
		8F22AC2D2A2F816700016D1F /* AddressViewController.swift in Sources */ = {isa = PBXBuildFile; fileRef = 8F22AC2C2A2F816700016D1F /* AddressViewController.swift */; };
		8F22AC2F2A2F817900016D1F /* AddAddressViewController.swift in Sources */ = {isa = PBXBuildFile; fileRef = 8F22AC2E2A2F817900016D1F /* AddAddressViewController.swift */; };
		8F22AC322A2F89AB00016D1F /* addressCell.swift in Sources */ = {isa = PBXBuildFile; fileRef = 8F22AC302A2F89AB00016D1F /* addressCell.swift */; };
		8F22AC332A2F89AB00016D1F /* addressCell.xib in Resources */ = {isa = PBXBuildFile; fileRef = 8F22AC312A2F89AB00016D1F /* addressCell.xib */; };
		8F574FB62A3153C800BA979D /* DoneViewController.swift in Sources */ = {isa = PBXBuildFile; fileRef = 8F574FB52A3153C800BA979D /* DoneViewController.swift */; };
		8F5C3AAA2A2E76D000B5D939 /* SignUpViewController.swift in Sources */ = {isa = PBXBuildFile; fileRef = 8F5C3AA92A2E76D000B5D939 /* SignUpViewController.swift */; };
		8F5C3AAC2A2E771E00B5D939 /* LoginViewController.swift in Sources */ = {isa = PBXBuildFile; fileRef = 8F5C3AAB2A2E771E00B5D939 /* LoginViewController.swift */; };
		8F6077822A2F168200570DC7 /* OrdersCell.swift in Sources */ = {isa = PBXBuildFile; fileRef = 8F6077802A2F168200570DC7 /* OrdersCell.swift */; };
		8F6077832A2F168200570DC7 /* OrdersCell.xib in Resources */ = {isa = PBXBuildFile; fileRef = 8F6077812A2F168200570DC7 /* OrdersCell.xib */; };
		8F6077862A2F41EF00570DC7 /* SettingsViewController.swift in Sources */ = {isa = PBXBuildFile; fileRef = 8F6077852A2F41EF00570DC7 /* SettingsViewController.swift */; };
		8F60778B2A2F478A00570DC7 /* SettingsCell.swift in Sources */ = {isa = PBXBuildFile; fileRef = 8F6077892A2F478A00570DC7 /* SettingsCell.swift */; };
		8F60778C2A2F478A00570DC7 /* SettingsCell.xib in Resources */ = {isa = PBXBuildFile; fileRef = 8F60778A2A2F478A00570DC7 /* SettingsCell.xib */; };
		8F60A7C22A39DDFE0086B50D /* DraftOrderModel.swift in Sources */ = {isa = PBXBuildFile; fileRef = 8F60A7C12A39DDFE0086B50D /* DraftOrderModel.swift */; };
		8F60A7C52A39F06D0086B50D /* SettingsViewModel.swift in Sources */ = {isa = PBXBuildFile; fileRef = 8F60A7C42A39F06D0086B50D /* SettingsViewModel.swift */; };
		8F6B21532A2CE418001A869D /* loading.json in Resources */ = {isa = PBXBuildFile; fileRef = 8F6B21522A2CE418001A869D /* loading.json */; };
		8F6B21552A2CEB12001A869D /* LaunchViewController.swift in Sources */ = {isa = PBXBuildFile; fileRef = 8F6B21542A2CEB12001A869D /* LaunchViewController.swift */; };
		8F6B21572A2CEEE3001A869D /* HomeStoryBoard.storyboard in Resources */ = {isa = PBXBuildFile; fileRef = 8F6B21562A2CEEE3001A869D /* HomeStoryBoard.storyboard */; };
		8F6B21982A2CF6A8001A869D /* OptionsViewController.swift in Sources */ = {isa = PBXBuildFile; fileRef = 8F6B21972A2CF6A8001A869D /* OptionsViewController.swift */; };
		8F6BA4C42A2F13B40095E747 /* ProfileViewController.swift in Sources */ = {isa = PBXBuildFile; fileRef = 8F6BA4C32A2F13B40095E747 /* ProfileViewController.swift */; };
		8F8067532A36339F0047EA8F /* AddressManager.swift in Sources */ = {isa = PBXBuildFile; fileRef = 8F8067522A36339F0047EA8F /* AddressManager.swift */; };
		8F8067552A3642670047EA8F /* CustomAlertViewController.swift in Sources */ = {isa = PBXBuildFile; fileRef = 8F8067542A3642670047EA8F /* CustomAlertViewController.swift */; };
		8F8902292A37768F00744306 /* OrderManager.swift in Sources */ = {isa = PBXBuildFile; fileRef = 8F8902282A37768F00744306 /* OrderManager.swift */; };
		8F89022B2A3776D300744306 /* Number.swift in Sources */ = {isa = PBXBuildFile; fileRef = 8F89022A2A3776D300744306 /* Number.swift */; };
		8F8902322A37831800744306 /* ProfileViewModel.swift in Sources */ = {isa = PBXBuildFile; fileRef = 8F8902312A37831800744306 /* ProfileViewModel.swift */; };
		8F973BAF2A2BC9D500B52879 /* AppDelegate.swift in Sources */ = {isa = PBXBuildFile; fileRef = 8F973BAE2A2BC9D500B52879 /* AppDelegate.swift */; };
		8F973BB12A2BC9D500B52879 /* SceneDelegate.swift in Sources */ = {isa = PBXBuildFile; fileRef = 8F973BB02A2BC9D500B52879 /* SceneDelegate.swift */; };
		8F973BB32A2BC9D500B52879 /* HomeViewController.swift in Sources */ = {isa = PBXBuildFile; fileRef = 8F973BB22A2BC9D500B52879 /* HomeViewController.swift */; };
		8F973BB62A2BC9D500B52879 /* Main.storyboard in Resources */ = {isa = PBXBuildFile; fileRef = 8F973BB42A2BC9D500B52879 /* Main.storyboard */; };
		8F973BB92A2BC9D500B52879 /* ShopifyTeam4.xcdatamodeld in Sources */ = {isa = PBXBuildFile; fileRef = 8F973BB72A2BC9D500B52879 /* ShopifyTeam4.xcdatamodeld */; };
		8F973BBE2A2BC9D700B52879 /* LaunchScreen.storyboard in Resources */ = {isa = PBXBuildFile; fileRef = 8F973BBC2A2BC9D700B52879 /* LaunchScreen.storyboard */; };
		8F973BC92A2BC9D800B52879 /* ShopifyTeam4Tests.swift in Sources */ = {isa = PBXBuildFile; fileRef = 8F973BC82A2BC9D800B52879 /* ShopifyTeam4Tests.swift */; };
		8F973BD32A2BC9D800B52879 /* ShopifyTeam4UITests.swift in Sources */ = {isa = PBXBuildFile; fileRef = 8F973BD22A2BC9D800B52879 /* ShopifyTeam4UITests.swift */; };
		8F973BD52A2BC9D800B52879 /* ShopifyTeam4UITestsLaunchTests.swift in Sources */ = {isa = PBXBuildFile; fileRef = 8F973BD42A2BC9D800B52879 /* ShopifyTeam4UITestsLaunchTests.swift */; };
		8FA6CA2D2A3B760100353666 /* CheckoutViewModel.swift in Sources */ = {isa = PBXBuildFile; fileRef = 8FA6CA2C2A3B760100353666 /* CheckoutViewModel.swift */; };
		8FAAF5A32A3066CD00BF399A /* ShoppingCartViewController.swift in Sources */ = {isa = PBXBuildFile; fileRef = 8FAAF5A22A3066CD00BF399A /* ShoppingCartViewController.swift */; };
		8FAAF5A62A3066EA00BF399A /* ShoppingCartCell.swift in Sources */ = {isa = PBXBuildFile; fileRef = 8FAAF5A42A3066EA00BF399A /* ShoppingCartCell.swift */; };
		8FAAF5A72A3066EA00BF399A /* ShoppingCartCell.xib in Resources */ = {isa = PBXBuildFile; fileRef = 8FAAF5A52A3066EA00BF399A /* ShoppingCartCell.xib */; };
		8FAAF5AB2A30673400BF399A /* CheckoutViewController.swift in Sources */ = {isa = PBXBuildFile; fileRef = 8FAAF5AA2A30673400BF399A /* CheckoutViewController.swift */; };
		8FABEC7F2A3468C00067C138 /* AddressViewModel.swift in Sources */ = {isa = PBXBuildFile; fileRef = 8FABEC7E2A3468C00067C138 /* AddressViewModel.swift */; };
		8FABEC862A34694E0067C138 /* ShoppingCartViewModel.swift in Sources */ = {isa = PBXBuildFile; fileRef = 8FABEC852A34694E0067C138 /* ShoppingCartViewModel.swift */; };
		8FBED2762A30BCA1008065E2 /* PaymentViewController.swift in Sources */ = {isa = PBXBuildFile; fileRef = 8FBED2752A30BCA1008065E2 /* PaymentViewController.swift */; };
		8FC8A48F2A34D7B100A81816 /* URLs.swift in Sources */ = {isa = PBXBuildFile; fileRef = 8FC8A48E2A34D7B100A81816 /* URLs.swift */; };
		8FF3CEA22A36649700797849 /* AddAddressViewModel.swift in Sources */ = {isa = PBXBuildFile; fileRef = 8FF3CEA12A36649700797849 /* AddAddressViewModel.swift */; };
		A70C16532A2F337A00DD68F1 /* ActionButton.swift in Sources */ = {isa = PBXBuildFile; fileRef = A70C16522A2F337A00DD68F1 /* ActionButton.swift */; };
		A70C16552A2F338600DD68F1 /* ActionButtonItem.swift in Sources */ = {isa = PBXBuildFile; fileRef = A70C16542A2F338600DD68F1 /* ActionButtonItem.swift */; };
		A71F910C2A2D193E0022102C /* AdvertisementsViewCell.swift in Sources */ = {isa = PBXBuildFile; fileRef = A71F910A2A2D193E0022102C /* AdvertisementsViewCell.swift */; };
		A71F910D2A2D193E0022102C /* AdvertisementsViewCell.xib in Resources */ = {isa = PBXBuildFile; fileRef = A71F910B2A2D193E0022102C /* AdvertisementsViewCell.xib */; };
		A728318E2A2BD03800A38B6A /* Constants.swift in Sources */ = {isa = PBXBuildFile; fileRef = A728318D2A2BD03800A38B6A /* Constants.swift */; };
		A72831902A2BD04000A38B6A /* Observable.swift in Sources */ = {isa = PBXBuildFile; fileRef = A728318F2A2BD04000A38B6A /* Observable.swift */; };
		A72831922A2BD04400A38B6A /* Extensions.swift in Sources */ = {isa = PBXBuildFile; fileRef = A72831912A2BD04400A38B6A /* Extensions.swift */; };
		A728319B2A2BD2B300A38B6A /* Authentication.storyboard in Resources */ = {isa = PBXBuildFile; fileRef = A728319A2A2BD2B300A38B6A /* Authentication.storyboard */; };
		A728319E2A2BD71300A38B6A /* ProductDetails.storyboard in Resources */ = {isa = PBXBuildFile; fileRef = A728319D2A2BD71300A38B6A /* ProductDetails.storyboard */; };
		A72831A22A2BD75700A38B6A /* Favorites.storyboard in Resources */ = {isa = PBXBuildFile; fileRef = A72831A12A2BD75700A38B6A /* Favorites.storyboard */; };
		A72831A52A2BD85700A38B6A /* Profile.storyboard in Resources */ = {isa = PBXBuildFile; fileRef = A72831A42A2BD85700A38B6A /* Profile.storyboard */; };
		A73D4E032A35EDFE0081E384 /* CustomerManager.swift in Sources */ = {isa = PBXBuildFile; fileRef = A73D4E022A35EDFE0081E384 /* CustomerManager.swift */; };
		A73D4E052A35EEE70081E384 /* CustomerModel.swift in Sources */ = {isa = PBXBuildFile; fileRef = A73D4E042A35EEE70081E384 /* CustomerModel.swift */; };
		A73D4E072A3612EA0081E384 /* OrderModel.swift in Sources */ = {isa = PBXBuildFile; fileRef = A73D4E062A3612EA0081E384 /* OrderModel.swift */; };
		A73D4E0C2A3623B70081E384 /* Orders.storyboard in Resources */ = {isa = PBXBuildFile; fileRef = A73D4E0B2A3623B70081E384 /* Orders.storyboard */; };
		A73D4E102A3623FF0081E384 /* OrdersViewController.swift in Sources */ = {isa = PBXBuildFile; fileRef = A73D4E0F2A3623FF0081E384 /* OrdersViewController.swift */; };
		A73D4E122A3624120081E384 /* OrdersViewModel.swift in Sources */ = {isa = PBXBuildFile; fileRef = A73D4E112A3624120081E384 /* OrdersViewModel.swift */; };
		A73D4E162A362C480081E384 /* OrderDetailsViewController.swift in Sources */ = {isa = PBXBuildFile; fileRef = A73D4E152A362C480081E384 /* OrderDetailsViewController.swift */; };
		A76790322A2EAA77002CEE8E /* CategoryViewController.swift in Sources */ = {isa = PBXBuildFile; fileRef = A76790312A2EAA77002CEE8E /* CategoryViewController.swift */; };
		A76790362A2EAD0F002CEE8E /* CategoryViewCell.swift in Sources */ = {isa = PBXBuildFile; fileRef = A76790342A2EAD0F002CEE8E /* CategoryViewCell.swift */; };
		A76790372A2EAD0F002CEE8E /* CategoryViewCell.xib in Resources */ = {isa = PBXBuildFile; fileRef = A76790352A2EAD0F002CEE8E /* CategoryViewCell.xib */; };
		A76790392A2EB49B002CEE8E /* Category.swift in Sources */ = {isa = PBXBuildFile; fileRef = A76790382A2EB49B002CEE8E /* Category.swift */; };
		A77D01432A2D4DB1004632BE /* BrandViewCell.swift in Sources */ = {isa = PBXBuildFile; fileRef = A77D01412A2D4DB1004632BE /* BrandViewCell.swift */; };
		A77D01442A2D4DB1004632BE /* BrandViewCell.xib in Resources */ = {isa = PBXBuildFile; fileRef = A77D01422A2D4DB1004632BE /* BrandViewCell.xib */; };
		A78043892A2F72CB00828390 /* BrandProductsViewController.swift in Sources */ = {isa = PBXBuildFile; fileRef = A78043882A2F72CB00828390 /* BrandProductsViewController.swift */; };
		A7954A4B2A311C1900E20EAA /* HomeViewModel.swift in Sources */ = {isa = PBXBuildFile; fileRef = A7954A4A2A311C1900E20EAA /* HomeViewModel.swift */; };
		A7954A502A3123B800E20EAA /* BrandProductsViewModel.swift in Sources */ = {isa = PBXBuildFile; fileRef = A7954A4F2A3123B800E20EAA /* BrandProductsViewModel.swift */; };
		A7AA7F0D2A30DFE5007DFB2E /* BrandsModel.swift in Sources */ = {isa = PBXBuildFile; fileRef = A7AA7F0C2A30DFE5007DFB2E /* BrandsModel.swift */; };
		A7AA7F112A30F15B007DFB2E /* NetworkManager.swift in Sources */ = {isa = PBXBuildFile; fileRef = A7AA7F102A30F15B007DFB2E /* NetworkManager.swift */; };
		A7AA7F132A30F17F007DFB2E /* NetworkManegerProtocol.swift in Sources */ = {isa = PBXBuildFile; fileRef = A7AA7F122A30F17F007DFB2E /* NetworkManegerProtocol.swift */; };
		A7AA7F152A30F732007DFB2E /* BrandProductsModel.swift in Sources */ = {isa = PBXBuildFile; fileRef = A7AA7F142A30F732007DFB2E /* BrandProductsModel.swift */; };
		A7B7AF942A35295500197411 /* ProductDetailsViewModel.swift in Sources */ = {isa = PBXBuildFile; fileRef = A7B7AF932A35295500197411 /* ProductDetailsViewModel.swift */; };
		A7B961A92A32048700940F98 /* CategoryViewModel.swift in Sources */ = {isa = PBXBuildFile; fileRef = A7B961A82A32048700940F98 /* CategoryViewModel.swift */; };
		A7F180B72A3B9E2700CE5798 /* OrderDetailsViewModel.swift in Sources */ = {isa = PBXBuildFile; fileRef = A7F180B62A3B9E2700CE5798 /* OrderDetailsViewModel.swift */; };
/* End PBXBuildFile section */

/* Begin PBXContainerItemProxy section */
		8F973BC52A2BC9D800B52879 /* PBXContainerItemProxy */ = {
			isa = PBXContainerItemProxy;
			containerPortal = 8F973BA32A2BC9D500B52879 /* Project object */;
			proxyType = 1;
			remoteGlobalIDString = 8F973BAA2A2BC9D500B52879;
			remoteInfo = ShopifyTeam4;
		};
		8F973BCF2A2BC9D800B52879 /* PBXContainerItemProxy */ = {
			isa = PBXContainerItemProxy;
			containerPortal = 8F973BA32A2BC9D500B52879 /* Project object */;
			proxyType = 1;
			remoteGlobalIDString = 8F973BAA2A2BC9D500B52879;
			remoteInfo = ShopifyTeam4;
		};
/* End PBXContainerItemProxy section */

/* Begin PBXFileReference section */
		0D0D1D2082A5D35F9790F773 /* Pods-ShopifyTeam4.debug.xcconfig */ = {isa = PBXFileReference; includeInIndex = 1; lastKnownFileType = text.xcconfig; name = "Pods-ShopifyTeam4.debug.xcconfig"; path = "Target Support Files/Pods-ShopifyTeam4/Pods-ShopifyTeam4.debug.xcconfig"; sourceTree = "<group>"; };
		2678B83E2A37449A008AAAB0 /* iOSDropDown.swift */ = {isa = PBXFileReference; fileEncoding = 4; lastKnownFileType = sourcecode.swift; path = iOSDropDown.swift; sourceTree = "<group>"; };
		267BD2B92A35295E0023D6D0 /* FavoriteViewController.swift */ = {isa = PBXFileReference; lastKnownFileType = sourcecode.swift; path = FavoriteViewController.swift; sourceTree = "<group>"; };
		268F04DC2A34CF8A002122B7 /* ProductImageCollectionViewCell.swift */ = {isa = PBXFileReference; lastKnownFileType = sourcecode.swift; path = ProductImageCollectionViewCell.swift; sourceTree = "<group>"; };
		26925E1B2A33D3BA000941FD /* ProductDetailsViewController.swift */ = {isa = PBXFileReference; lastKnownFileType = sourcecode.swift; path = ProductDetailsViewController.swift; sourceTree = "<group>"; };
		26BE80272A327D880054F656 /* FirebaseUser.swift */ = {isa = PBXFileReference; lastKnownFileType = sourcecode.swift; path = FirebaseUser.swift; sourceTree = "<group>"; };
		26BE80292A327EC70054F656 /* ConstantKeys.swift */ = {isa = PBXFileReference; lastKnownFileType = sourcecode.swift; path = ConstantKeys.swift; sourceTree = "<group>"; };
		26BE802D2A3287300054F656 /* AuthenticationService.swift */ = {isa = PBXFileReference; lastKnownFileType = sourcecode.swift; path = AuthenticationService.swift; sourceTree = "<group>"; };
		26BFAFC62A37236100775806 /* ReviewsViewController.swift */ = {isa = PBXFileReference; lastKnownFileType = sourcecode.swift; path = ReviewsViewController.swift; sourceTree = "<group>"; };
		26C09AC12A31F7D100A9113F /* Assets.xcassets */ = {isa = PBXFileReference; lastKnownFileType = folder.assetcatalog; path = Assets.xcassets; sourceTree = "<group>"; };
		26E974A72A3AF611008DFDD1 /* ProductFavorite.swift */ = {isa = PBXFileReference; lastKnownFileType = sourcecode.swift; path = ProductFavorite.swift; sourceTree = "<group>"; };
		26F9ED932A3AB4DF00C3D5D3 /* RealmDBServices.swift */ = {isa = PBXFileReference; lastKnownFileType = sourcecode.swift; path = RealmDBServices.swift; sourceTree = "<group>"; };
		26FCB87F2A334046004C8383 /* GoogleService-Info.plist */ = {isa = PBXFileReference; fileEncoding = 4; lastKnownFileType = text.plist.xml; path = "GoogleService-Info.plist"; sourceTree = "<group>"; };
		26FCB8812A336B92004C8383 /* SignUpViewModel.swift */ = {isa = PBXFileReference; lastKnownFileType = sourcecode.swift; path = SignUpViewModel.swift; sourceTree = SOURCE_ROOT; };
		26FCB8832A336BB4004C8383 /* SignInViewModel.swift */ = {isa = PBXFileReference; lastKnownFileType = sourcecode.swift; path = SignInViewModel.swift; sourceTree = SOURCE_ROOT; };
		3937AEBB699CA113733B28ED /* Pods-ShopifyTeam4.release.xcconfig */ = {isa = PBXFileReference; includeInIndex = 1; lastKnownFileType = text.xcconfig; name = "Pods-ShopifyTeam4.release.xcconfig"; path = "Target Support Files/Pods-ShopifyTeam4/Pods-ShopifyTeam4.release.xcconfig"; sourceTree = "<group>"; };
		6D3DDBF2059C27E6C2446150 /* Pods-ShopifyTeam4Tests.debug.xcconfig */ = {isa = PBXFileReference; includeInIndex = 1; lastKnownFileType = text.xcconfig; name = "Pods-ShopifyTeam4Tests.debug.xcconfig"; path = "Target Support Files/Pods-ShopifyTeam4Tests/Pods-ShopifyTeam4Tests.debug.xcconfig"; sourceTree = "<group>"; };
		6F2A974D0623176D1816B1C3 /* Pods_ShopifyTeam4.framework */ = {isa = PBXFileReference; explicitFileType = wrapper.framework; includeInIndex = 0; path = Pods_ShopifyTeam4.framework; sourceTree = BUILT_PRODUCTS_DIR; };
		8687C8E10B9B5C60DFD86184 /* Pods-ShopifyTeam4-ShopifyTeam4UITests.debug.xcconfig */ = {isa = PBXFileReference; includeInIndex = 1; lastKnownFileType = text.xcconfig; name = "Pods-ShopifyTeam4-ShopifyTeam4UITests.debug.xcconfig"; path = "Target Support Files/Pods-ShopifyTeam4-ShopifyTeam4UITests/Pods-ShopifyTeam4-ShopifyTeam4UITests.debug.xcconfig"; sourceTree = "<group>"; };
		8C98C6B8DB1F339AD74308A4 /* Pods_ShopifyTeam4Tests.framework */ = {isa = PBXFileReference; explicitFileType = wrapper.framework; includeInIndex = 0; path = Pods_ShopifyTeam4Tests.framework; sourceTree = BUILT_PRODUCTS_DIR; };
		8F0A6C4A2A3B3EA200ED19B8 /* ProductCart.swift */ = {isa = PBXFileReference; lastKnownFileType = sourcecode.swift; path = ProductCart.swift; sourceTree = "<group>"; };
		8F1539AB2A35CD9600D77550 /* ToastViewExtension.swift */ = {isa = PBXFileReference; lastKnownFileType = sourcecode.swift; path = ToastViewExtension.swift; sourceTree = "<group>"; };
		8F1539AF2A35E0E300D77550 /* PaymentViewModel.swift */ = {isa = PBXFileReference; lastKnownFileType = sourcecode.swift; path = PaymentViewModel.swift; sourceTree = "<group>"; };
		8F1539B12A3617D300D77550 /* AddressModel.swift */ = {isa = PBXFileReference; lastKnownFileType = sourcecode.swift; path = AddressModel.swift; sourceTree = "<group>"; };
		8F22AC292A2F7B6D00016D1F /* CurrencyViewController.swift */ = {isa = PBXFileReference; lastKnownFileType = sourcecode.swift; path = CurrencyViewController.swift; sourceTree = "<group>"; };
		8F22AC2C2A2F816700016D1F /* AddressViewController.swift */ = {isa = PBXFileReference; lastKnownFileType = sourcecode.swift; path = AddressViewController.swift; sourceTree = "<group>"; };
		8F22AC2E2A2F817900016D1F /* AddAddressViewController.swift */ = {isa = PBXFileReference; lastKnownFileType = sourcecode.swift; path = AddAddressViewController.swift; sourceTree = "<group>"; };
		8F22AC302A2F89AB00016D1F /* addressCell.swift */ = {isa = PBXFileReference; lastKnownFileType = sourcecode.swift; path = addressCell.swift; sourceTree = "<group>"; };
		8F22AC312A2F89AB00016D1F /* addressCell.xib */ = {isa = PBXFileReference; lastKnownFileType = file.xib; path = addressCell.xib; sourceTree = "<group>"; };
		8F574FB52A3153C800BA979D /* DoneViewController.swift */ = {isa = PBXFileReference; lastKnownFileType = sourcecode.swift; path = DoneViewController.swift; sourceTree = "<group>"; };
		8F5C3AA92A2E76D000B5D939 /* SignUpViewController.swift */ = {isa = PBXFileReference; lastKnownFileType = sourcecode.swift; path = SignUpViewController.swift; sourceTree = "<group>"; };
		8F5C3AAB2A2E771E00B5D939 /* LoginViewController.swift */ = {isa = PBXFileReference; lastKnownFileType = sourcecode.swift; path = LoginViewController.swift; sourceTree = "<group>"; };
		8F6077802A2F168200570DC7 /* OrdersCell.swift */ = {isa = PBXFileReference; lastKnownFileType = sourcecode.swift; path = OrdersCell.swift; sourceTree = "<group>"; };
		8F6077812A2F168200570DC7 /* OrdersCell.xib */ = {isa = PBXFileReference; lastKnownFileType = file.xib; path = OrdersCell.xib; sourceTree = "<group>"; };
		8F6077852A2F41EF00570DC7 /* SettingsViewController.swift */ = {isa = PBXFileReference; lastKnownFileType = sourcecode.swift; path = SettingsViewController.swift; sourceTree = "<group>"; };
		8F6077892A2F478A00570DC7 /* SettingsCell.swift */ = {isa = PBXFileReference; lastKnownFileType = sourcecode.swift; path = SettingsCell.swift; sourceTree = "<group>"; };
		8F60778A2A2F478A00570DC7 /* SettingsCell.xib */ = {isa = PBXFileReference; lastKnownFileType = file.xib; path = SettingsCell.xib; sourceTree = "<group>"; };
		8F60A7C12A39DDFE0086B50D /* DraftOrderModel.swift */ = {isa = PBXFileReference; lastKnownFileType = sourcecode.swift; path = DraftOrderModel.swift; sourceTree = "<group>"; };
		8F60A7C42A39F06D0086B50D /* SettingsViewModel.swift */ = {isa = PBXFileReference; lastKnownFileType = sourcecode.swift; path = SettingsViewModel.swift; sourceTree = "<group>"; };
		8F6B21522A2CE418001A869D /* loading.json */ = {isa = PBXFileReference; fileEncoding = 4; lastKnownFileType = text.json; path = loading.json; sourceTree = "<group>"; };
		8F6B21542A2CEB12001A869D /* LaunchViewController.swift */ = {isa = PBXFileReference; lastKnownFileType = sourcecode.swift; path = LaunchViewController.swift; sourceTree = "<group>"; };
		8F6B21562A2CEEE3001A869D /* HomeStoryBoard.storyboard */ = {isa = PBXFileReference; lastKnownFileType = file.storyboard; path = HomeStoryBoard.storyboard; sourceTree = "<group>"; };
		8F6B21972A2CF6A8001A869D /* OptionsViewController.swift */ = {isa = PBXFileReference; lastKnownFileType = sourcecode.swift; path = OptionsViewController.swift; sourceTree = "<group>"; };
		8F6BA4C32A2F13B40095E747 /* ProfileViewController.swift */ = {isa = PBXFileReference; lastKnownFileType = sourcecode.swift; path = ProfileViewController.swift; sourceTree = "<group>"; };
		8F8067522A36339F0047EA8F /* AddressManager.swift */ = {isa = PBXFileReference; lastKnownFileType = sourcecode.swift; path = AddressManager.swift; sourceTree = "<group>"; };
		8F8067542A3642670047EA8F /* CustomAlertViewController.swift */ = {isa = PBXFileReference; lastKnownFileType = sourcecode.swift; path = CustomAlertViewController.swift; sourceTree = "<group>"; };
		8F8902282A37768F00744306 /* OrderManager.swift */ = {isa = PBXFileReference; lastKnownFileType = sourcecode.swift; path = OrderManager.swift; sourceTree = "<group>"; };
		8F89022A2A3776D300744306 /* Number.swift */ = {isa = PBXFileReference; lastKnownFileType = sourcecode.swift; path = Number.swift; sourceTree = "<group>"; };
		8F8902312A37831800744306 /* ProfileViewModel.swift */ = {isa = PBXFileReference; lastKnownFileType = sourcecode.swift; path = ProfileViewModel.swift; sourceTree = "<group>"; };
		8F973BAB2A2BC9D500B52879 /* ShopifyTeam4.app */ = {isa = PBXFileReference; explicitFileType = wrapper.application; includeInIndex = 0; path = ShopifyTeam4.app; sourceTree = BUILT_PRODUCTS_DIR; };
		8F973BAE2A2BC9D500B52879 /* AppDelegate.swift */ = {isa = PBXFileReference; lastKnownFileType = sourcecode.swift; path = AppDelegate.swift; sourceTree = "<group>"; };
		8F973BB02A2BC9D500B52879 /* SceneDelegate.swift */ = {isa = PBXFileReference; lastKnownFileType = sourcecode.swift; path = SceneDelegate.swift; sourceTree = "<group>"; };
		8F973BB22A2BC9D500B52879 /* HomeViewController.swift */ = {isa = PBXFileReference; lastKnownFileType = sourcecode.swift; path = HomeViewController.swift; sourceTree = "<group>"; };
		8F973BB52A2BC9D500B52879 /* Base */ = {isa = PBXFileReference; lastKnownFileType = file.storyboard; name = Base; path = Base.lproj/Main.storyboard; sourceTree = "<group>"; };
		8F973BB82A2BC9D500B52879 /* ShopifyTeam4.xcdatamodel */ = {isa = PBXFileReference; lastKnownFileType = wrapper.xcdatamodel; path = ShopifyTeam4.xcdatamodel; sourceTree = "<group>"; };
		8F973BBD2A2BC9D700B52879 /* Base */ = {isa = PBXFileReference; lastKnownFileType = file.storyboard; name = Base; path = Base.lproj/LaunchScreen.storyboard; sourceTree = "<group>"; };
		8F973BBF2A2BC9D700B52879 /* Info.plist */ = {isa = PBXFileReference; lastKnownFileType = text.plist.xml; path = Info.plist; sourceTree = "<group>"; };
		8F973BC42A2BC9D800B52879 /* ShopifyTeam4Tests.xctest */ = {isa = PBXFileReference; explicitFileType = wrapper.cfbundle; includeInIndex = 0; path = ShopifyTeam4Tests.xctest; sourceTree = BUILT_PRODUCTS_DIR; };
		8F973BC82A2BC9D800B52879 /* ShopifyTeam4Tests.swift */ = {isa = PBXFileReference; lastKnownFileType = sourcecode.swift; path = ShopifyTeam4Tests.swift; sourceTree = "<group>"; };
		8F973BCE2A2BC9D800B52879 /* ShopifyTeam4UITests.xctest */ = {isa = PBXFileReference; explicitFileType = wrapper.cfbundle; includeInIndex = 0; path = ShopifyTeam4UITests.xctest; sourceTree = BUILT_PRODUCTS_DIR; };
		8F973BD22A2BC9D800B52879 /* ShopifyTeam4UITests.swift */ = {isa = PBXFileReference; lastKnownFileType = sourcecode.swift; path = ShopifyTeam4UITests.swift; sourceTree = "<group>"; };
		8F973BD42A2BC9D800B52879 /* ShopifyTeam4UITestsLaunchTests.swift */ = {isa = PBXFileReference; lastKnownFileType = sourcecode.swift; path = ShopifyTeam4UITestsLaunchTests.swift; sourceTree = "<group>"; };
		8FA6CA2C2A3B760100353666 /* CheckoutViewModel.swift */ = {isa = PBXFileReference; lastKnownFileType = sourcecode.swift; path = CheckoutViewModel.swift; sourceTree = "<group>"; };
		8FAAF5A22A3066CD00BF399A /* ShoppingCartViewController.swift */ = {isa = PBXFileReference; lastKnownFileType = sourcecode.swift; path = ShoppingCartViewController.swift; sourceTree = "<group>"; };
		8FAAF5A42A3066EA00BF399A /* ShoppingCartCell.swift */ = {isa = PBXFileReference; lastKnownFileType = sourcecode.swift; path = ShoppingCartCell.swift; sourceTree = "<group>"; };
		8FAAF5A52A3066EA00BF399A /* ShoppingCartCell.xib */ = {isa = PBXFileReference; lastKnownFileType = file.xib; path = ShoppingCartCell.xib; sourceTree = "<group>"; };
		8FAAF5AA2A30673400BF399A /* CheckoutViewController.swift */ = {isa = PBXFileReference; lastKnownFileType = sourcecode.swift; path = CheckoutViewController.swift; sourceTree = "<group>"; };
		8FABEC7E2A3468C00067C138 /* AddressViewModel.swift */ = {isa = PBXFileReference; lastKnownFileType = sourcecode.swift; path = AddressViewModel.swift; sourceTree = "<group>"; };
		8FABEC852A34694E0067C138 /* ShoppingCartViewModel.swift */ = {isa = PBXFileReference; lastKnownFileType = sourcecode.swift; path = ShoppingCartViewModel.swift; sourceTree = "<group>"; };
		8FBED2752A30BCA1008065E2 /* PaymentViewController.swift */ = {isa = PBXFileReference; lastKnownFileType = sourcecode.swift; path = PaymentViewController.swift; sourceTree = "<group>"; };
		8FC8A48E2A34D7B100A81816 /* URLs.swift */ = {isa = PBXFileReference; lastKnownFileType = sourcecode.swift; path = URLs.swift; sourceTree = "<group>"; };
		8FF3CEA12A36649700797849 /* AddAddressViewModel.swift */ = {isa = PBXFileReference; lastKnownFileType = sourcecode.swift; path = AddAddressViewModel.swift; sourceTree = "<group>"; };
		A70C16522A2F337A00DD68F1 /* ActionButton.swift */ = {isa = PBXFileReference; fileEncoding = 4; lastKnownFileType = sourcecode.swift; path = ActionButton.swift; sourceTree = "<group>"; };
		A70C16542A2F338600DD68F1 /* ActionButtonItem.swift */ = {isa = PBXFileReference; fileEncoding = 4; lastKnownFileType = sourcecode.swift; path = ActionButtonItem.swift; sourceTree = "<group>"; };
		A71F910A2A2D193E0022102C /* AdvertisementsViewCell.swift */ = {isa = PBXFileReference; lastKnownFileType = sourcecode.swift; path = AdvertisementsViewCell.swift; sourceTree = "<group>"; };
		A71F910B2A2D193E0022102C /* AdvertisementsViewCell.xib */ = {isa = PBXFileReference; lastKnownFileType = file.xib; path = AdvertisementsViewCell.xib; sourceTree = "<group>"; };
		A728318D2A2BD03800A38B6A /* Constants.swift */ = {isa = PBXFileReference; lastKnownFileType = sourcecode.swift; path = Constants.swift; sourceTree = "<group>"; };
		A728318F2A2BD04000A38B6A /* Observable.swift */ = {isa = PBXFileReference; lastKnownFileType = sourcecode.swift; path = Observable.swift; sourceTree = "<group>"; };
		A72831912A2BD04400A38B6A /* Extensions.swift */ = {isa = PBXFileReference; lastKnownFileType = sourcecode.swift; path = Extensions.swift; sourceTree = "<group>"; };
		A728319A2A2BD2B300A38B6A /* Authentication.storyboard */ = {isa = PBXFileReference; lastKnownFileType = file.storyboard; path = Authentication.storyboard; sourceTree = "<group>"; };
		A728319D2A2BD71300A38B6A /* ProductDetails.storyboard */ = {isa = PBXFileReference; lastKnownFileType = file.storyboard; path = ProductDetails.storyboard; sourceTree = "<group>"; };
		A72831A12A2BD75700A38B6A /* Favorites.storyboard */ = {isa = PBXFileReference; lastKnownFileType = file.storyboard; path = Favorites.storyboard; sourceTree = "<group>"; };
		A72831A42A2BD85700A38B6A /* Profile.storyboard */ = {isa = PBXFileReference; lastKnownFileType = file.storyboard; path = Profile.storyboard; sourceTree = "<group>"; };
		A73D4E022A35EDFE0081E384 /* CustomerManager.swift */ = {isa = PBXFileReference; lastKnownFileType = sourcecode.swift; path = CustomerManager.swift; sourceTree = "<group>"; };
		A73D4E042A35EEE70081E384 /* CustomerModel.swift */ = {isa = PBXFileReference; lastKnownFileType = sourcecode.swift; path = CustomerModel.swift; sourceTree = "<group>"; };
		A73D4E062A3612EA0081E384 /* OrderModel.swift */ = {isa = PBXFileReference; lastKnownFileType = sourcecode.swift; path = OrderModel.swift; sourceTree = "<group>"; };
		A73D4E0B2A3623B70081E384 /* Orders.storyboard */ = {isa = PBXFileReference; lastKnownFileType = file.storyboard; path = Orders.storyboard; sourceTree = "<group>"; };
		A73D4E0F2A3623FF0081E384 /* OrdersViewController.swift */ = {isa = PBXFileReference; lastKnownFileType = sourcecode.swift; path = OrdersViewController.swift; sourceTree = "<group>"; };
		A73D4E112A3624120081E384 /* OrdersViewModel.swift */ = {isa = PBXFileReference; lastKnownFileType = sourcecode.swift; path = OrdersViewModel.swift; sourceTree = "<group>"; };
		A73D4E152A362C480081E384 /* OrderDetailsViewController.swift */ = {isa = PBXFileReference; lastKnownFileType = sourcecode.swift; path = OrderDetailsViewController.swift; sourceTree = "<group>"; };
		A76790312A2EAA77002CEE8E /* CategoryViewController.swift */ = {isa = PBXFileReference; lastKnownFileType = sourcecode.swift; path = CategoryViewController.swift; sourceTree = "<group>"; };
		A76790342A2EAD0F002CEE8E /* CategoryViewCell.swift */ = {isa = PBXFileReference; lastKnownFileType = sourcecode.swift; path = CategoryViewCell.swift; sourceTree = "<group>"; };
		A76790352A2EAD0F002CEE8E /* CategoryViewCell.xib */ = {isa = PBXFileReference; lastKnownFileType = file.xib; path = CategoryViewCell.xib; sourceTree = "<group>"; };
		A76790382A2EB49B002CEE8E /* Category.swift */ = {isa = PBXFileReference; lastKnownFileType = sourcecode.swift; path = Category.swift; sourceTree = "<group>"; };
		A77D01412A2D4DB1004632BE /* BrandViewCell.swift */ = {isa = PBXFileReference; lastKnownFileType = sourcecode.swift; path = BrandViewCell.swift; sourceTree = "<group>"; };
		A77D01422A2D4DB1004632BE /* BrandViewCell.xib */ = {isa = PBXFileReference; lastKnownFileType = file.xib; path = BrandViewCell.xib; sourceTree = "<group>"; };
		A78043882A2F72CB00828390 /* BrandProductsViewController.swift */ = {isa = PBXFileReference; lastKnownFileType = sourcecode.swift; path = BrandProductsViewController.swift; sourceTree = "<group>"; };
		A7954A4A2A311C1900E20EAA /* HomeViewModel.swift */ = {isa = PBXFileReference; lastKnownFileType = sourcecode.swift; path = HomeViewModel.swift; sourceTree = "<group>"; };
		A7954A4F2A3123B800E20EAA /* BrandProductsViewModel.swift */ = {isa = PBXFileReference; lastKnownFileType = sourcecode.swift; path = BrandProductsViewModel.swift; sourceTree = "<group>"; };
		A7AA7F0C2A30DFE5007DFB2E /* BrandsModel.swift */ = {isa = PBXFileReference; lastKnownFileType = sourcecode.swift; path = BrandsModel.swift; sourceTree = "<group>"; };
		A7AA7F102A30F15B007DFB2E /* NetworkManager.swift */ = {isa = PBXFileReference; lastKnownFileType = sourcecode.swift; path = NetworkManager.swift; sourceTree = "<group>"; };
		A7AA7F122A30F17F007DFB2E /* NetworkManegerProtocol.swift */ = {isa = PBXFileReference; lastKnownFileType = sourcecode.swift; path = NetworkManegerProtocol.swift; sourceTree = "<group>"; };
		A7AA7F142A30F732007DFB2E /* BrandProductsModel.swift */ = {isa = PBXFileReference; lastKnownFileType = sourcecode.swift; path = BrandProductsModel.swift; sourceTree = "<group>"; };
		A7B7AF932A35295500197411 /* ProductDetailsViewModel.swift */ = {isa = PBXFileReference; lastKnownFileType = sourcecode.swift; path = ProductDetailsViewModel.swift; sourceTree = "<group>"; };
		A7B961A82A32048700940F98 /* CategoryViewModel.swift */ = {isa = PBXFileReference; lastKnownFileType = sourcecode.swift; path = CategoryViewModel.swift; sourceTree = "<group>"; };
		A7F180B62A3B9E2700CE5798 /* OrderDetailsViewModel.swift */ = {isa = PBXFileReference; lastKnownFileType = sourcecode.swift; path = OrderDetailsViewModel.swift; sourceTree = "<group>"; };
		D3E4FD4D47ABDE5F104F3F09 /* Pods-ShopifyTeam4-ShopifyTeam4UITests.release.xcconfig */ = {isa = PBXFileReference; includeInIndex = 1; lastKnownFileType = text.xcconfig; name = "Pods-ShopifyTeam4-ShopifyTeam4UITests.release.xcconfig"; path = "Target Support Files/Pods-ShopifyTeam4-ShopifyTeam4UITests/Pods-ShopifyTeam4-ShopifyTeam4UITests.release.xcconfig"; sourceTree = "<group>"; };
		D82B044081D05DAE6894E45E /* Pods-ShopifyTeam4Tests.release.xcconfig */ = {isa = PBXFileReference; includeInIndex = 1; lastKnownFileType = text.xcconfig; name = "Pods-ShopifyTeam4Tests.release.xcconfig"; path = "Target Support Files/Pods-ShopifyTeam4Tests/Pods-ShopifyTeam4Tests.release.xcconfig"; sourceTree = "<group>"; };
		F86F2E68F13DA48B2C1076F2 /* Pods_ShopifyTeam4_ShopifyTeam4UITests.framework */ = {isa = PBXFileReference; explicitFileType = wrapper.framework; includeInIndex = 0; path = Pods_ShopifyTeam4_ShopifyTeam4UITests.framework; sourceTree = BUILT_PRODUCTS_DIR; };
/* End PBXFileReference section */

/* Begin PBXFrameworksBuildPhase section */
		8F973BA82A2BC9D500B52879 /* Frameworks */ = {
			isa = PBXFrameworksBuildPhase;
			buildActionMask = 2147483647;
			files = (
				65F21DE5BB89EBF8218212A7 /* Pods_ShopifyTeam4.framework in Frameworks */,
			);
			runOnlyForDeploymentPostprocessing = 0;
		};
		8F973BC12A2BC9D800B52879 /* Frameworks */ = {
			isa = PBXFrameworksBuildPhase;
			buildActionMask = 2147483647;
			files = (
				3E0094D34499A21ECC3D9582 /* Pods_ShopifyTeam4Tests.framework in Frameworks */,
			);
			runOnlyForDeploymentPostprocessing = 0;
		};
		8F973BCB2A2BC9D800B52879 /* Frameworks */ = {
			isa = PBXFrameworksBuildPhase;
			buildActionMask = 2147483647;
			files = (
				11660AB5046B4793DFEC8B0D /* Pods_ShopifyTeam4_ShopifyTeam4UITests.framework in Frameworks */,
			);
			runOnlyForDeploymentPostprocessing = 0;
		};
/* End PBXFrameworksBuildPhase section */

/* Begin PBXGroup section */
		26925E1D2A33D42D000941FD /* view */ = {
			isa = PBXGroup;
			children = (
				26925E1E2A33D44B000941FD /* custom_cells */,
				A728319D2A2BD71300A38B6A /* ProductDetails.storyboard */,
				26925E1B2A33D3BA000941FD /* ProductDetailsViewController.swift */,
				26BFAFC62A37236100775806 /* ReviewsViewController.swift */,
			);
			path = view;
			sourceTree = "<group>";
		};
		26925E1E2A33D44B000941FD /* custom_cells */ = {
			isa = PBXGroup;
			children = (
				268F04DC2A34CF8A002122B7 /* ProductImageCollectionViewCell.swift */,
			);
			path = custom_cells;
			sourceTree = "<group>";
		};
		26BE802B2A3286B10054F656 /* view_model */ = {
			isa = PBXGroup;
			children = (
				26FCB8812A336B92004C8383 /* SignUpViewModel.swift */,
				26FCB8832A336BB4004C8383 /* SignInViewModel.swift */,
			);
			path = view_model;
			sourceTree = "<group>";
		};
		26BE802C2A3286F00054F656 /* model */ = {
			isa = PBXGroup;
			children = (
				26BE802D2A3287300054F656 /* AuthenticationService.swift */,
			);
			path = model;
			sourceTree = "<group>";
		};
		26F9ED922A3AB4A200C3D5D3 /* DataBaseManager */ = {
			isa = PBXGroup;
			children = (
				26F9ED932A3AB4DF00C3D5D3 /* RealmDBServices.swift */,
				26E974A72A3AF611008DFDD1 /* ProductFavorite.swift */,
				8F0A6C4A2A3B3EA200ED19B8 /* ProductCart.swift */,
			);
			path = DataBaseManager;
			sourceTree = "<group>";
		};
		78A12B899BA0D393A3D8E86D /* Frameworks */ = {
			isa = PBXGroup;
			children = (
				6F2A974D0623176D1816B1C3 /* Pods_ShopifyTeam4.framework */,
				F86F2E68F13DA48B2C1076F2 /* Pods_ShopifyTeam4_ShopifyTeam4UITests.framework */,
				8C98C6B8DB1F339AD74308A4 /* Pods_ShopifyTeam4Tests.framework */,
			);
			name = Frameworks;
			sourceTree = "<group>";
		};
		8F1539AD2A35E0C500D77550 /* view */ = {
			isa = PBXGroup;
			children = (
				8FBED2752A30BCA1008065E2 /* PaymentViewController.swift */,
			);
			path = view;
			sourceTree = "<group>";
		};
		8F1539AE2A35E0D000D77550 /* viewmodel */ = {
			isa = PBXGroup;
			children = (
				8F1539AF2A35E0E300D77550 /* PaymentViewModel.swift */,
			);
			path = viewmodel;
			sourceTree = "<group>";
		};
		8F22AC2B2A2F80C700016D1F /* address */ = {
			isa = PBXGroup;
			children = (
				8FF3CE9E2A36646800797849 /* addAddress */,
				8FABEC802A3468C40067C138 /* view */,
				8FABEC812A3468D00067C138 /* viewmodel */,
			);
			path = address;
			sourceTree = "<group>";
		};
		8F6077842A2F3DEA00570DC7 /* settings */ = {
			isa = PBXGroup;
			children = (
				8F60A7C32A39F04F0086B50D /* viewModel */,
				8FBEC3A22A332D2D00CAF450 /* view */,
			);
			path = settings;
			sourceTree = "<group>";
		};
		8F60A7C32A39F04F0086B50D /* viewModel */ = {
			isa = PBXGroup;
			children = (
				8F60A7C42A39F06D0086B50D /* SettingsViewModel.swift */,
			);
			path = viewModel;
			sourceTree = "<group>";
		};
		8F8902302A3782EA00744306 /* viewModel */ = {
			isa = PBXGroup;
			children = (
				8F8902312A37831800744306 /* ProfileViewModel.swift */,
			);
			path = viewModel;
			sourceTree = "<group>";
		};
		8F973BA22A2BC9D500B52879 = {
			isa = PBXGroup;
			children = (
				8F973BAD2A2BC9D500B52879 /* ShopifyTeam4 */,
				8F973BC72A2BC9D800B52879 /* ShopifyTeam4Tests */,
				8F973BD12A2BC9D800B52879 /* ShopifyTeam4UITests */,
				8F973BAC2A2BC9D500B52879 /* Products */,
				CF44892CC74B6E2300C4EFB6 /* Pods */,
				78A12B899BA0D393A3D8E86D /* Frameworks */,
			);
			sourceTree = "<group>";
		};
		8F973BAC2A2BC9D500B52879 /* Products */ = {
			isa = PBXGroup;
			children = (
				8F973BAB2A2BC9D500B52879 /* ShopifyTeam4.app */,
				8F973BC42A2BC9D800B52879 /* ShopifyTeam4Tests.xctest */,
				8F973BCE2A2BC9D800B52879 /* ShopifyTeam4UITests.xctest */,
			);
			name = Products;
			sourceTree = "<group>";
		};
		8F973BAD2A2BC9D500B52879 /* ShopifyTeam4 */ = {
			isa = PBXGroup;
			children = (
				A7AA7F0E2A30F12C007DFB2E /* service */,
				A7AA7F0B2A30DFD1007DFB2E /* model */,
				A72831932A2BD05000A38B6A /* utilities */,
				A72831942A2BD06200A38B6A /* modules */,
				8F973BAE2A2BC9D500B52879 /* AppDelegate.swift */,
				8F973BB02A2BC9D500B52879 /* SceneDelegate.swift */,
				8F973BBF2A2BC9D700B52879 /* Info.plist */,
				26FCB87F2A334046004C8383 /* GoogleService-Info.plist */,
				26C09AC12A31F7D100A9113F /* Assets.xcassets */,
				8F973BB72A2BC9D500B52879 /* ShopifyTeam4.xcdatamodeld */,
			);
			path = ShopifyTeam4;
			sourceTree = "<group>";
		};
		8F973BC72A2BC9D800B52879 /* ShopifyTeam4Tests */ = {
			isa = PBXGroup;
			children = (
				8F973BC82A2BC9D800B52879 /* ShopifyTeam4Tests.swift */,
			);
			path = ShopifyTeam4Tests;
			sourceTree = "<group>";
		};
		8F973BD12A2BC9D800B52879 /* ShopifyTeam4UITests */ = {
			isa = PBXGroup;
			children = (
				8F973BD22A2BC9D800B52879 /* ShopifyTeam4UITests.swift */,
				8F973BD42A2BC9D800B52879 /* ShopifyTeam4UITestsLaunchTests.swift */,
			);
			path = ShopifyTeam4UITests;
			sourceTree = "<group>";
		};
		8FA6CA292A3B75C500353666 /* checkout */ = {
			isa = PBXGroup;
			children = (
				8FA6CA2B2A3B75DA00353666 /* viewmodel */,
				8FA6CA2A2A3B75D500353666 /* view */,
			);
			path = checkout;
			sourceTree = "<group>";
		};
		8FA6CA2A2A3B75D500353666 /* view */ = {
			isa = PBXGroup;
			children = (
				8FAAF5AA2A30673400BF399A /* CheckoutViewController.swift */,
				8F574FB52A3153C800BA979D /* DoneViewController.swift */,
			);
			path = view;
			sourceTree = "<group>";
		};
		8FA6CA2B2A3B75DA00353666 /* viewmodel */ = {
			isa = PBXGroup;
			children = (
				8FA6CA2C2A3B760100353666 /* CheckoutViewModel.swift */,
			);
			path = viewmodel;
			sourceTree = "<group>";
		};
		8FAAF5A12A3066AE00BF399A /* ShoppingCart */ = {
			isa = PBXGroup;
			children = (
				8FABEC822A3468F70067C138 /* view */,
				8FABEC832A3469270067C138 /* viewmodel */,
			);
			path = ShoppingCart;
			sourceTree = "<group>";
		};
		8FABEC802A3468C40067C138 /* view */ = {
			isa = PBXGroup;
			children = (
				8F22AC2C2A2F816700016D1F /* AddressViewController.swift */,
				8F22AC302A2F89AB00016D1F /* addressCell.swift */,
				8F22AC312A2F89AB00016D1F /* addressCell.xib */,
			);
			path = view;
			sourceTree = "<group>";
		};
		8FABEC812A3468D00067C138 /* viewmodel */ = {
			isa = PBXGroup;
			children = (
				8FABEC7E2A3468C00067C138 /* AddressViewModel.swift */,
			);
			path = viewmodel;
			sourceTree = "<group>";
		};
		8FABEC822A3468F70067C138 /* view */ = {
			isa = PBXGroup;
			children = (
				8FAAF5A22A3066CD00BF399A /* ShoppingCartViewController.swift */,
				8FAAF5A52A3066EA00BF399A /* ShoppingCartCell.xib */,
				8FAAF5A42A3066EA00BF399A /* ShoppingCartCell.swift */,
			);
			path = view;
			sourceTree = "<group>";
		};
		8FABEC832A3469270067C138 /* viewmodel */ = {
			isa = PBXGroup;
			children = (
				8FABEC852A34694E0067C138 /* ShoppingCartViewModel.swift */,
			);
			name = viewmodel;
			sourceTree = "<group>";
		};
		8FABEC872A3469DB0067C138 /* view */ = {
			isa = PBXGroup;
			children = (
				A72831A42A2BD85700A38B6A /* Profile.storyboard */,
				8F6BA4C32A2F13B40095E747 /* ProfileViewController.swift */,
				8F6077812A2F168200570DC7 /* OrdersCell.xib */,
				8F6077802A2F168200570DC7 /* OrdersCell.swift */,
			);
			path = view;
			sourceTree = "<group>";
		};
		8FABEC882A346A000067C138 /* modules */ = {
			isa = PBXGroup;
			children = (
				8F6077842A2F3DEA00570DC7 /* settings */,
				8F22AC2B2A2F80C700016D1F /* address */,
				8FBED2742A30BC8F008065E2 /* Payment */,
				8FA6CA292A3B75C500353666 /* checkout */,
				8FAAF5A12A3066AE00BF399A /* ShoppingCart */,
			);
			path = modules;
			sourceTree = "<group>";
		};
		8FBEC3A22A332D2D00CAF450 /* view */ = {
			isa = PBXGroup;
			children = (
				8F6077852A2F41EF00570DC7 /* SettingsViewController.swift */,
				8F22AC292A2F7B6D00016D1F /* CurrencyViewController.swift */,
				8F60778A2A2F478A00570DC7 /* SettingsCell.xib */,
				8F6077892A2F478A00570DC7 /* SettingsCell.swift */,
			);
			path = view;
			sourceTree = "<group>";
		};
		8FBED2742A30BC8F008065E2 /* Payment */ = {
			isa = PBXGroup;
			children = (
				8F1539AE2A35E0D000D77550 /* viewmodel */,
				8F1539AD2A35E0C500D77550 /* view */,
			);
			path = Payment;
			sourceTree = "<group>";
		};
		8FF3CE9E2A36646800797849 /* addAddress */ = {
			isa = PBXGroup;
			children = (
				8FF3CE9F2A36647200797849 /* view */,
				8FF3CEA02A36647700797849 /* viewModel */,
			);
			path = addAddress;
			sourceTree = "<group>";
		};
		8FF3CE9F2A36647200797849 /* view */ = {
			isa = PBXGroup;
			children = (
				8F22AC2E2A2F817900016D1F /* AddAddressViewController.swift */,
			);
			path = view;
			sourceTree = "<group>";
		};
		8FF3CEA02A36647700797849 /* viewModel */ = {
			isa = PBXGroup;
			children = (
				8FF3CEA12A36649700797849 /* AddAddressViewModel.swift */,
			);
			path = viewModel;
			sourceTree = "<group>";
		};
		A72831932A2BD05000A38B6A /* utilities */ = {
			isa = PBXGroup;
			children = (
				2678B83E2A37449A008AAAB0 /* iOSDropDown.swift */,
				8F6B21522A2CE418001A869D /* loading.json */,
				A70C16522A2F337A00DD68F1 /* ActionButton.swift */,
				A70C16542A2F338600DD68F1 /* ActionButtonItem.swift */,
				A72831912A2BD04400A38B6A /* Extensions.swift */,
				8F1539AB2A35CD9600D77550 /* ToastViewExtension.swift */,
				A728318F2A2BD04000A38B6A /* Observable.swift */,
				A728318D2A2BD03800A38B6A /* Constants.swift */,
				26BE80292A327EC70054F656 /* ConstantKeys.swift */,
				8F89022A2A3776D300744306 /* Number.swift */,
			);
			path = utilities;
			sourceTree = "<group>";
		};
		A72831942A2BD06200A38B6A /* modules */ = {
			isa = PBXGroup;
			children = (
				A73D4E082A3623520081E384 /* orders */,
				A72831A32A2BD84400A38B6A /* profile */,
				A728319F2A2BD71D00A38B6A /* favorite */,
				A72831982A2BD1D200A38B6A /* launch */,
				A72831992A2BD28800A38B6A /* authentication */,
				A72831972A2BD14900A38B6A /* home */,
				A7954A4C2A31235B00E20EAA /* brandProducts */,
				A76790332A2EAB4A002CEE8E /* category */,
				A728319C2A2BD6D600A38B6A /* productDetails */,
			);
			path = modules;
			sourceTree = "<group>";
		};
		A72831972A2BD14900A38B6A /* home */ = {
			isa = PBXGroup;
			children = (
				A7954A492A311BAE00E20EAA /* viewModel */,
				A7954A482A311BA800E20EAA /* view */,
			);
			path = home;
			sourceTree = "<group>";
		};
		A72831982A2BD1D200A38B6A /* launch */ = {
			isa = PBXGroup;
			children = (
				8F973BBC2A2BC9D700B52879 /* LaunchScreen.storyboard */,
				8F6B21542A2CEB12001A869D /* LaunchViewController.swift */,
				8F973BB42A2BC9D500B52879 /* Main.storyboard */,
				8F6B21972A2CF6A8001A869D /* OptionsViewController.swift */,
				8F8067542A3642670047EA8F /* CustomAlertViewController.swift */,
			);
			path = launch;
			sourceTree = "<group>";
		};
		A72831992A2BD28800A38B6A /* authentication */ = {
			isa = PBXGroup;
			children = (
				26BE802C2A3286F00054F656 /* model */,
				26BE802B2A3286B10054F656 /* view_model */,
				A728319A2A2BD2B300A38B6A /* Authentication.storyboard */,
				8F5C3AA92A2E76D000B5D939 /* SignUpViewController.swift */,
				8F5C3AAB2A2E771E00B5D939 /* LoginViewController.swift */,
			);
			path = authentication;
			sourceTree = "<group>";
		};
		A728319C2A2BD6D600A38B6A /* productDetails */ = {
			isa = PBXGroup;
			children = (
				A7B7AF922A35293000197411 /* viewModel */,
				26925E1D2A33D42D000941FD /* view */,
			);
			path = productDetails;
			sourceTree = "<group>";
		};
		A728319F2A2BD71D00A38B6A /* favorite */ = {
			isa = PBXGroup;
			children = (
				A72831A12A2BD75700A38B6A /* Favorites.storyboard */,
				267BD2B92A35295E0023D6D0 /* FavoriteViewController.swift */,
			);
			path = favorite;
			sourceTree = "<group>";
		};
		A72831A32A2BD84400A38B6A /* profile */ = {
			isa = PBXGroup;
			children = (
				8FABEC882A346A000067C138 /* modules */,
				8F8902302A3782EA00744306 /* viewModel */,
				8FABEC872A3469DB0067C138 /* view */,
			);
			path = profile;
			sourceTree = "<group>";
		};
		A73D4E082A3623520081E384 /* orders */ = {
			isa = PBXGroup;
			children = (
				A73D4E0A2A36239C0081E384 /* orderDetails */,
				A73D4E092A3623710081E384 /* allOrders */,
				A73D4E0B2A3623B70081E384 /* Orders.storyboard */,
			);
			path = orders;
			sourceTree = "<group>";
		};
		A73D4E092A3623710081E384 /* allOrders */ = {
			isa = PBXGroup;
			children = (
				A73D4E0E2A3623D90081E384 /* viewModel */,
				A73D4E0D2A3623CD0081E384 /* view */,
			);
			path = allOrders;
			sourceTree = "<group>";
		};
		A73D4E0A2A36239C0081E384 /* orderDetails */ = {
			isa = PBXGroup;
			children = (
				A73D4E142A362C340081E384 /* viewModel */,
				A73D4E132A362C2F0081E384 /* view */,
			);
			path = orderDetails;
			sourceTree = "<group>";
		};
		A73D4E0D2A3623CD0081E384 /* view */ = {
			isa = PBXGroup;
			children = (
				A73D4E0F2A3623FF0081E384 /* OrdersViewController.swift */,
			);
			path = view;
			sourceTree = "<group>";
		};
		A73D4E0E2A3623D90081E384 /* viewModel */ = {
			isa = PBXGroup;
			children = (
				A73D4E112A3624120081E384 /* OrdersViewModel.swift */,
			);
			path = viewModel;
			sourceTree = "<group>";
		};
		A73D4E132A362C2F0081E384 /* view */ = {
			isa = PBXGroup;
			children = (
				A73D4E152A362C480081E384 /* OrderDetailsViewController.swift */,
			);
			path = view;
			sourceTree = "<group>";
		};
		A73D4E142A362C340081E384 /* viewModel */ = {
			isa = PBXGroup;
			children = (
				A7F180B62A3B9E2700CE5798 /* OrderDetailsViewModel.swift */,
			);
			path = viewModel;
			sourceTree = "<group>";
		};
		A76790332A2EAB4A002CEE8E /* category */ = {
			isa = PBXGroup;
			children = (
				A7B961A72A32043300940F98 /* model */,
				A7B961A62A3203F900940F98 /* viewModel */,
				A7B961A52A3203F400940F98 /* view  */,
			);
			path = category;
			sourceTree = "<group>";
		};
		A7954A482A311BA800E20EAA /* view */ = {
			isa = PBXGroup;
			children = (
				8F6B21562A2CEEE3001A869D /* HomeStoryBoard.storyboard */,
				8F973BB22A2BC9D500B52879 /* HomeViewController.swift */,
				A71F910A2A2D193E0022102C /* AdvertisementsViewCell.swift */,
				A71F910B2A2D193E0022102C /* AdvertisementsViewCell.xib */,
				A77D01412A2D4DB1004632BE /* BrandViewCell.swift */,
				A77D01422A2D4DB1004632BE /* BrandViewCell.xib */,
			);
			path = view;
			sourceTree = "<group>";
		};
		A7954A492A311BAE00E20EAA /* viewModel */ = {
			isa = PBXGroup;
			children = (
				A7954A4A2A311C1900E20EAA /* HomeViewModel.swift */,
			);
			path = viewModel;
			sourceTree = "<group>";
		};
		A7954A4C2A31235B00E20EAA /* brandProducts */ = {
			isa = PBXGroup;
			children = (
				A7954A4E2A31238F00E20EAA /* viewModel */,
				A7954A4D2A31238500E20EAA /* view */,
			);
			path = brandProducts;
			sourceTree = "<group>";
		};
		A7954A4D2A31238500E20EAA /* view */ = {
			isa = PBXGroup;
			children = (
				A78043882A2F72CB00828390 /* BrandProductsViewController.swift */,
			);
			path = view;
			sourceTree = "<group>";
		};
		A7954A4E2A31238F00E20EAA /* viewModel */ = {
			isa = PBXGroup;
			children = (
				A7954A4F2A3123B800E20EAA /* BrandProductsViewModel.swift */,
			);
			path = viewModel;
			sourceTree = "<group>";
		};
		A7AA7F0B2A30DFD1007DFB2E /* model */ = {
			isa = PBXGroup;
			children = (
				A7AA7F0C2A30DFE5007DFB2E /* BrandsModel.swift */,
				A7AA7F142A30F732007DFB2E /* BrandProductsModel.swift */,
				26BE80272A327D880054F656 /* FirebaseUser.swift */,
				A73D4E042A35EEE70081E384 /* CustomerModel.swift */,
				A73D4E062A3612EA0081E384 /* OrderModel.swift */,
				8F1539B12A3617D300D77550 /* AddressModel.swift */,
				8F60A7C12A39DDFE0086B50D /* DraftOrderModel.swift */,
			);
			path = model;
			sourceTree = "<group>";
		};
		A7AA7F0E2A30F12C007DFB2E /* service */ = {
			isa = PBXGroup;
			children = (
				26F9ED922A3AB4A200C3D5D3 /* DataBaseManager */,
				A7AA7F0F2A30F133007DFB2E /* networkManger */,
			);
			path = service;
			sourceTree = "<group>";
		};
		A7AA7F0F2A30F133007DFB2E /* networkManger */ = {
			isa = PBXGroup;
			children = (
				8FC8A48E2A34D7B100A81816 /* URLs.swift */,
				A7AA7F102A30F15B007DFB2E /* NetworkManager.swift */,
				A7AA7F122A30F17F007DFB2E /* NetworkManegerProtocol.swift */,
				A73D4E022A35EDFE0081E384 /* CustomerManager.swift */,
				8F8067522A36339F0047EA8F /* AddressManager.swift */,
				8F8902282A37768F00744306 /* OrderManager.swift */,
			);
			path = networkManger;
			sourceTree = "<group>";
		};
		A7B7AF922A35293000197411 /* viewModel */ = {
			isa = PBXGroup;
			children = (
				A7B7AF932A35295500197411 /* ProductDetailsViewModel.swift */,
			);
			path = viewModel;
			sourceTree = "<group>";
		};
		A7B961A52A3203F400940F98 /* view  */ = {
			isa = PBXGroup;
			children = (
				A76790312A2EAA77002CEE8E /* CategoryViewController.swift */,
				A76790352A2EAD0F002CEE8E /* CategoryViewCell.xib */,
				A76790342A2EAD0F002CEE8E /* CategoryViewCell.swift */,
			);
			path = "view ";
			sourceTree = "<group>";
		};
		A7B961A62A3203F900940F98 /* viewModel */ = {
			isa = PBXGroup;
			children = (
				A7B961A82A32048700940F98 /* CategoryViewModel.swift */,
			);
			path = viewModel;
			sourceTree = "<group>";
		};
		A7B961A72A32043300940F98 /* model */ = {
			isa = PBXGroup;
			children = (
				A76790382A2EB49B002CEE8E /* Category.swift */,
			);
			path = model;
			sourceTree = "<group>";
		};
		CF44892CC74B6E2300C4EFB6 /* Pods */ = {
			isa = PBXGroup;
			children = (
				0D0D1D2082A5D35F9790F773 /* Pods-ShopifyTeam4.debug.xcconfig */,
				3937AEBB699CA113733B28ED /* Pods-ShopifyTeam4.release.xcconfig */,
				8687C8E10B9B5C60DFD86184 /* Pods-ShopifyTeam4-ShopifyTeam4UITests.debug.xcconfig */,
				D3E4FD4D47ABDE5F104F3F09 /* Pods-ShopifyTeam4-ShopifyTeam4UITests.release.xcconfig */,
				6D3DDBF2059C27E6C2446150 /* Pods-ShopifyTeam4Tests.debug.xcconfig */,
				D82B044081D05DAE6894E45E /* Pods-ShopifyTeam4Tests.release.xcconfig */,
			);
			path = Pods;
			sourceTree = "<group>";
		};
/* End PBXGroup section */

/* Begin PBXNativeTarget section */
		8F973BAA2A2BC9D500B52879 /* ShopifyTeam4 */ = {
			isa = PBXNativeTarget;
			buildConfigurationList = 8F973BD82A2BC9D800B52879 /* Build configuration list for PBXNativeTarget "ShopifyTeam4" */;
			buildPhases = (
				F23B02C7757A933BE6B5CAB0 /* [CP] Check Pods Manifest.lock */,
				8F973BA72A2BC9D500B52879 /* Sources */,
				8F973BA82A2BC9D500B52879 /* Frameworks */,
				8F973BA92A2BC9D500B52879 /* Resources */,
				5BCD436E91C7A5A3A0166F2A /* [CP] Embed Pods Frameworks */,
			);
			buildRules = (
			);
			dependencies = (
			);
			name = ShopifyTeam4;
			productName = ShopifyTeam4;
			productReference = 8F973BAB2A2BC9D500B52879 /* ShopifyTeam4.app */;
			productType = "com.apple.product-type.application";
		};
		8F973BC32A2BC9D800B52879 /* ShopifyTeam4Tests */ = {
			isa = PBXNativeTarget;
			buildConfigurationList = 8F973BDB2A2BC9D800B52879 /* Build configuration list for PBXNativeTarget "ShopifyTeam4Tests" */;
			buildPhases = (
				A363A79811E64A27C37FB601 /* [CP] Check Pods Manifest.lock */,
				8F973BC02A2BC9D800B52879 /* Sources */,
				8F973BC12A2BC9D800B52879 /* Frameworks */,
				8F973BC22A2BC9D800B52879 /* Resources */,
			);
			buildRules = (
			);
			dependencies = (
				8F973BC62A2BC9D800B52879 /* PBXTargetDependency */,
			);
			name = ShopifyTeam4Tests;
			productName = ShopifyTeam4Tests;
			productReference = 8F973BC42A2BC9D800B52879 /* ShopifyTeam4Tests.xctest */;
			productType = "com.apple.product-type.bundle.unit-test";
		};
		8F973BCD2A2BC9D800B52879 /* ShopifyTeam4UITests */ = {
			isa = PBXNativeTarget;
			buildConfigurationList = 8F973BDE2A2BC9D800B52879 /* Build configuration list for PBXNativeTarget "ShopifyTeam4UITests" */;
			buildPhases = (
				C7E96120947A134B855234C0 /* [CP] Check Pods Manifest.lock */,
				8F973BCA2A2BC9D800B52879 /* Sources */,
				8F973BCB2A2BC9D800B52879 /* Frameworks */,
				8F973BCC2A2BC9D800B52879 /* Resources */,
				47959CDF638A317FB8532865 /* [CP] Embed Pods Frameworks */,
			);
			buildRules = (
			);
			dependencies = (
				8F973BD02A2BC9D800B52879 /* PBXTargetDependency */,
			);
			name = ShopifyTeam4UITests;
			productName = ShopifyTeam4UITests;
			productReference = 8F973BCE2A2BC9D800B52879 /* ShopifyTeam4UITests.xctest */;
			productType = "com.apple.product-type.bundle.ui-testing";
		};
/* End PBXNativeTarget section */

/* Begin PBXProject section */
		8F973BA32A2BC9D500B52879 /* Project object */ = {
			isa = PBXProject;
			attributes = {
				BuildIndependentTargetsInParallel = 1;
				LastSwiftUpdateCheck = 1430;
				LastUpgradeCheck = 1430;
				TargetAttributes = {
					8F973BAA2A2BC9D500B52879 = {
						CreatedOnToolsVersion = 14.3;
					};
					8F973BC32A2BC9D800B52879 = {
						CreatedOnToolsVersion = 14.3;
						TestTargetID = 8F973BAA2A2BC9D500B52879;
					};
					8F973BCD2A2BC9D800B52879 = {
						CreatedOnToolsVersion = 14.3;
						TestTargetID = 8F973BAA2A2BC9D500B52879;
					};
				};
			};
			buildConfigurationList = 8F973BA62A2BC9D500B52879 /* Build configuration list for PBXProject "ShopifyTeam4" */;
			compatibilityVersion = "Xcode 14.0";
			developmentRegion = en;
			hasScannedForEncodings = 0;
			knownRegions = (
				en,
				Base,
			);
			mainGroup = 8F973BA22A2BC9D500B52879;
			productRefGroup = 8F973BAC2A2BC9D500B52879 /* Products */;
			projectDirPath = "";
			projectRoot = "";
			targets = (
				8F973BAA2A2BC9D500B52879 /* ShopifyTeam4 */,
				8F973BC32A2BC9D800B52879 /* ShopifyTeam4Tests */,
				8F973BCD2A2BC9D800B52879 /* ShopifyTeam4UITests */,
			);
		};
/* End PBXProject section */

/* Begin PBXResourcesBuildPhase section */
		8F973BA92A2BC9D500B52879 /* Resources */ = {
			isa = PBXResourcesBuildPhase;
			buildActionMask = 2147483647;
			files = (
				A71F910D2A2D193E0022102C /* AdvertisementsViewCell.xib in Resources */,
				8F6B21572A2CEEE3001A869D /* HomeStoryBoard.storyboard in Resources */,
				A728319E2A2BD71300A38B6A /* ProductDetails.storyboard in Resources */,
				A728319B2A2BD2B300A38B6A /* Authentication.storyboard in Resources */,
				8F22AC332A2F89AB00016D1F /* addressCell.xib in Resources */,
				8F6B21532A2CE418001A869D /* loading.json in Resources */,
				A72831A22A2BD75700A38B6A /* Favorites.storyboard in Resources */,
				8FAAF5A72A3066EA00BF399A /* ShoppingCartCell.xib in Resources */,
				A76790372A2EAD0F002CEE8E /* CategoryViewCell.xib in Resources */,
				8F973BBE2A2BC9D700B52879 /* LaunchScreen.storyboard in Resources */,
				A77D01442A2D4DB1004632BE /* BrandViewCell.xib in Resources */,
				A72831A52A2BD85700A38B6A /* Profile.storyboard in Resources */,
				26FCB8802A334046004C8383 /* GoogleService-Info.plist in Resources */,
				A73D4E0C2A3623B70081E384 /* Orders.storyboard in Resources */,
				8F60778C2A2F478A00570DC7 /* SettingsCell.xib in Resources */,
				8F6077832A2F168200570DC7 /* OrdersCell.xib in Resources */,
				26C09AC22A31F7D200A9113F /* Assets.xcassets in Resources */,
				8F973BB62A2BC9D500B52879 /* Main.storyboard in Resources */,
			);
			runOnlyForDeploymentPostprocessing = 0;
		};
		8F973BC22A2BC9D800B52879 /* Resources */ = {
			isa = PBXResourcesBuildPhase;
			buildActionMask = 2147483647;
			files = (
			);
			runOnlyForDeploymentPostprocessing = 0;
		};
		8F973BCC2A2BC9D800B52879 /* Resources */ = {
			isa = PBXResourcesBuildPhase;
			buildActionMask = 2147483647;
			files = (
			);
			runOnlyForDeploymentPostprocessing = 0;
		};
/* End PBXResourcesBuildPhase section */

/* Begin PBXShellScriptBuildPhase section */
		47959CDF638A317FB8532865 /* [CP] Embed Pods Frameworks */ = {
			isa = PBXShellScriptBuildPhase;
			buildActionMask = 2147483647;
			files = (
			);
			inputFileListPaths = (
				"${PODS_ROOT}/Target Support Files/Pods-ShopifyTeam4-ShopifyTeam4UITests/Pods-ShopifyTeam4-ShopifyTeam4UITests-frameworks-${CONFIGURATION}-input-files.xcfilelist",
			);
			name = "[CP] Embed Pods Frameworks";
			outputFileListPaths = (
				"${PODS_ROOT}/Target Support Files/Pods-ShopifyTeam4-ShopifyTeam4UITests/Pods-ShopifyTeam4-ShopifyTeam4UITests-frameworks-${CONFIGURATION}-output-files.xcfilelist",
			);
			runOnlyForDeploymentPostprocessing = 0;
			shellPath = /bin/sh;
			shellScript = "\"${PODS_ROOT}/Target Support Files/Pods-ShopifyTeam4-ShopifyTeam4UITests/Pods-ShopifyTeam4-ShopifyTeam4UITests-frameworks.sh\"\n";
			showEnvVarsInLog = 0;
		};
		5BCD436E91C7A5A3A0166F2A /* [CP] Embed Pods Frameworks */ = {
			isa = PBXShellScriptBuildPhase;
			buildActionMask = 2147483647;
			files = (
			);
			inputFileListPaths = (
				"${PODS_ROOT}/Target Support Files/Pods-ShopifyTeam4/Pods-ShopifyTeam4-frameworks-${CONFIGURATION}-input-files.xcfilelist",
			);
			name = "[CP] Embed Pods Frameworks";
			outputFileListPaths = (
				"${PODS_ROOT}/Target Support Files/Pods-ShopifyTeam4/Pods-ShopifyTeam4-frameworks-${CONFIGURATION}-output-files.xcfilelist",
			);
			runOnlyForDeploymentPostprocessing = 0;
			shellPath = /bin/sh;
			shellScript = "\"${PODS_ROOT}/Target Support Files/Pods-ShopifyTeam4/Pods-ShopifyTeam4-frameworks.sh\"\n";
			showEnvVarsInLog = 0;
		};
		A363A79811E64A27C37FB601 /* [CP] Check Pods Manifest.lock */ = {
			isa = PBXShellScriptBuildPhase;
			buildActionMask = 2147483647;
			files = (
			);
			inputFileListPaths = (
			);
			inputPaths = (
				"${PODS_PODFILE_DIR_PATH}/Podfile.lock",
				"${PODS_ROOT}/Manifest.lock",
			);
			name = "[CP] Check Pods Manifest.lock";
			outputFileListPaths = (
			);
			outputPaths = (
				"$(DERIVED_FILE_DIR)/Pods-ShopifyTeam4Tests-checkManifestLockResult.txt",
			);
			runOnlyForDeploymentPostprocessing = 0;
			shellPath = /bin/sh;
			shellScript = "diff \"${PODS_PODFILE_DIR_PATH}/Podfile.lock\" \"${PODS_ROOT}/Manifest.lock\" > /dev/null\nif [ $? != 0 ] ; then\n    # print error to STDERR\n    echo \"error: The sandbox is not in sync with the Podfile.lock. Run 'pod install' or update your CocoaPods installation.\" >&2\n    exit 1\nfi\n# This output is used by Xcode 'outputs' to avoid re-running this script phase.\necho \"SUCCESS\" > \"${SCRIPT_OUTPUT_FILE_0}\"\n";
			showEnvVarsInLog = 0;
		};
		C7E96120947A134B855234C0 /* [CP] Check Pods Manifest.lock */ = {
			isa = PBXShellScriptBuildPhase;
			buildActionMask = 2147483647;
			files = (
			);
			inputFileListPaths = (
			);
			inputPaths = (
				"${PODS_PODFILE_DIR_PATH}/Podfile.lock",
				"${PODS_ROOT}/Manifest.lock",
			);
			name = "[CP] Check Pods Manifest.lock";
			outputFileListPaths = (
			);
			outputPaths = (
				"$(DERIVED_FILE_DIR)/Pods-ShopifyTeam4-ShopifyTeam4UITests-checkManifestLockResult.txt",
			);
			runOnlyForDeploymentPostprocessing = 0;
			shellPath = /bin/sh;
			shellScript = "diff \"${PODS_PODFILE_DIR_PATH}/Podfile.lock\" \"${PODS_ROOT}/Manifest.lock\" > /dev/null\nif [ $? != 0 ] ; then\n    # print error to STDERR\n    echo \"error: The sandbox is not in sync with the Podfile.lock. Run 'pod install' or update your CocoaPods installation.\" >&2\n    exit 1\nfi\n# This output is used by Xcode 'outputs' to avoid re-running this script phase.\necho \"SUCCESS\" > \"${SCRIPT_OUTPUT_FILE_0}\"\n";
			showEnvVarsInLog = 0;
		};
		F23B02C7757A933BE6B5CAB0 /* [CP] Check Pods Manifest.lock */ = {
			isa = PBXShellScriptBuildPhase;
			buildActionMask = 2147483647;
			files = (
			);
			inputFileListPaths = (
			);
			inputPaths = (
				"${PODS_PODFILE_DIR_PATH}/Podfile.lock",
				"${PODS_ROOT}/Manifest.lock",
			);
			name = "[CP] Check Pods Manifest.lock";
			outputFileListPaths = (
			);
			outputPaths = (
				"$(DERIVED_FILE_DIR)/Pods-ShopifyTeam4-checkManifestLockResult.txt",
			);
			runOnlyForDeploymentPostprocessing = 0;
			shellPath = /bin/sh;
			shellScript = "diff \"${PODS_PODFILE_DIR_PATH}/Podfile.lock\" \"${PODS_ROOT}/Manifest.lock\" > /dev/null\nif [ $? != 0 ] ; then\n    # print error to STDERR\n    echo \"error: The sandbox is not in sync with the Podfile.lock. Run 'pod install' or update your CocoaPods installation.\" >&2\n    exit 1\nfi\n# This output is used by Xcode 'outputs' to avoid re-running this script phase.\necho \"SUCCESS\" > \"${SCRIPT_OUTPUT_FILE_0}\"\n";
			showEnvVarsInLog = 0;
		};
/* End PBXShellScriptBuildPhase section */

/* Begin PBXSourcesBuildPhase section */
		8F973BA72A2BC9D500B52879 /* Sources */ = {
			isa = PBXSourcesBuildPhase;
			buildActionMask = 2147483647;
			files = (
				8F8902292A37768F00744306 /* OrderManager.swift in Sources */,
				A728318E2A2BD03800A38B6A /* Constants.swift in Sources */,
				A73D4E102A3623FF0081E384 /* OrdersViewController.swift in Sources */,
				8F973BB32A2BC9D500B52879 /* HomeViewController.swift in Sources */,
				8FAAF5A62A3066EA00BF399A /* ShoppingCartCell.swift in Sources */,
				A73D4E162A362C480081E384 /* OrderDetailsViewController.swift in Sources */,
				8F1539B22A3617D300D77550 /* AddressModel.swift in Sources */,
				8F973BAF2A2BC9D500B52879 /* AppDelegate.swift in Sources */,
				26FCB8842A336BB4004C8383 /* SignInViewModel.swift in Sources */,
				A73D4E072A3612EA0081E384 /* OrderModel.swift in Sources */,
				8F60778B2A2F478A00570DC7 /* SettingsCell.swift in Sources */,
				8F8067552A3642670047EA8F /* CustomAlertViewController.swift in Sources */,
				A77D01432A2D4DB1004632BE /* BrandViewCell.swift in Sources */,
				8F6BA4C42A2F13B40095E747 /* ProfileViewController.swift in Sources */,
				26BE802E2A3287300054F656 /* AuthenticationService.swift in Sources */,
				A76790322A2EAA77002CEE8E /* CategoryViewController.swift in Sources */,
				268F04DD2A34CF8A002122B7 /* ProductImageCollectionViewCell.swift in Sources */,
				A7B961A92A32048700940F98 /* CategoryViewModel.swift in Sources */,
				A7AA7F112A30F15B007DFB2E /* NetworkManager.swift in Sources */,
				A73D4E052A35EEE70081E384 /* CustomerModel.swift in Sources */,
				A73D4E032A35EDFE0081E384 /* CustomerManager.swift in Sources */,
				8F973BAF2A2BC9D500B52879 /* AppDelegate.swift in Sources */,
				A76790362A2EAD0F002CEE8E /* CategoryViewCell.swift in Sources */,
				A73D4E122A3624120081E384 /* OrdersViewModel.swift in Sources */,
				26BE80282A327D880054F656 /* FirebaseUser.swift in Sources */,
				A7954A502A3123B800E20EAA /* BrandProductsViewModel.swift in Sources */,
				8F89022B2A3776D300744306 /* Number.swift in Sources */,
				A7AA7F132A30F17F007DFB2E /* NetworkManegerProtocol.swift in Sources */,
				26BFAFC72A37236100775806 /* ReviewsViewController.swift in Sources */,
				8FC8A48F2A34D7B100A81816 /* URLs.swift in Sources */,
				A77D01432A2D4DB1004632BE /* BrandViewCell.swift in Sources */,
				8F8902322A37831800744306 /* ProfileViewModel.swift in Sources */,
				8F8067532A36339F0047EA8F /* AddressManager.swift in Sources */,
				A7AA7F152A30F732007DFB2E /* BrandProductsModel.swift in Sources */,
				8F1539B02A35E0E300D77550 /* PaymentViewModel.swift in Sources */,
				A70C16552A2F338600DD68F1 /* ActionButtonItem.swift in Sources */,
				8FA6CA2D2A3B760100353666 /* CheckoutViewModel.swift in Sources */,
				267BD2BA2A35295E0023D6D0 /* FavoriteViewController.swift in Sources */,
				8FABEC862A34694E0067C138 /* ShoppingCartViewModel.swift in Sources */,
				8F0A6C4B2A3B3EA200ED19B8 /* ProductCart.swift in Sources */,
				8F6B21982A2CF6A8001A869D /* OptionsViewController.swift in Sources */,
				A70C16532A2F337A00DD68F1 /* ActionButton.swift in Sources */,
				A76790392A2EB49B002CEE8E /* Category.swift in Sources */,
				26E974A82A3AF611008DFDD1 /* ProductFavorite.swift in Sources */,
				26FCB8822A336B92004C8383 /* SignUpViewModel.swift in Sources */,
				26F9ED942A3AB4E000C3D5D3 /* RealmDBServices.swift in Sources */,
				26925E1C2A33D3BA000941FD /* ProductDetailsViewController.swift in Sources */,
				8F973BB92A2BC9D500B52879 /* ShopifyTeam4.xcdatamodeld in Sources */,
				8F574FB62A3153C800BA979D /* DoneViewController.swift in Sources */,
				8F6077862A2F41EF00570DC7 /* SettingsViewController.swift in Sources */,
				8F5C3AAA2A2E76D000B5D939 /* SignUpViewController.swift in Sources */,
				8F22AC2D2A2F816700016D1F /* AddressViewController.swift in Sources */,
				8F1539AC2A35CD9700D77550 /* ToastViewExtension.swift in Sources */,
				26BE802A2A327EC70054F656 /* ConstantKeys.swift in Sources */,
				8F22AC2F2A2F817900016D1F /* AddAddressViewController.swift in Sources */,
				A72831902A2BD04000A38B6A /* Observable.swift in Sources */,
				A71F910C2A2D193E0022102C /* AdvertisementsViewCell.swift in Sources */,
				A78043892A2F72CB00828390 /* BrandProductsViewController.swift in Sources */,
				A7AA7F0D2A30DFE5007DFB2E /* BrandsModel.swift in Sources */,
				A7954A4B2A311C1900E20EAA /* HomeViewModel.swift in Sources */,
				8F973BB12A2BC9D500B52879 /* SceneDelegate.swift in Sources */,
				8FBED2762A30BCA1008065E2 /* PaymentViewController.swift in Sources */,
				8F22AC2A2A2F7B6E00016D1F /* CurrencyViewController.swift in Sources */,
				A7B7AF942A35295500197411 /* ProductDetailsViewModel.swift in Sources */,
				2678B83F2A37449A008AAAB0 /* iOSDropDown.swift in Sources */,
				8F6077822A2F168200570DC7 /* OrdersCell.swift in Sources */,
				8F60A7C22A39DDFE0086B50D /* DraftOrderModel.swift in Sources */,
				8F22AC322A2F89AB00016D1F /* addressCell.swift in Sources */,
				8FF3CEA22A36649700797849 /* AddAddressViewModel.swift in Sources */,
				8FABEC7F2A3468C00067C138 /* AddressViewModel.swift in Sources */,
				A72831922A2BD04400A38B6A /* Extensions.swift in Sources */,
				A7F180B72A3B9E2700CE5798 /* OrderDetailsViewModel.swift in Sources */,
				8F5C3AAC2A2E771E00B5D939 /* LoginViewController.swift in Sources */,
				8FAAF5A32A3066CD00BF399A /* ShoppingCartViewController.swift in Sources */,
				8FAAF5AB2A30673400BF399A /* CheckoutViewController.swift in Sources */,
				8F6B21552A2CEB12001A869D /* LaunchViewController.swift in Sources */,
				8F60A7C52A39F06D0086B50D /* SettingsViewModel.swift in Sources */,
			);
			runOnlyForDeploymentPostprocessing = 0;
		};
		8F973BC02A2BC9D800B52879 /* Sources */ = {
			isa = PBXSourcesBuildPhase;
			buildActionMask = 2147483647;
			files = (
				8F973BC92A2BC9D800B52879 /* ShopifyTeam4Tests.swift in Sources */,
			);
			runOnlyForDeploymentPostprocessing = 0;
		};
		8F973BCA2A2BC9D800B52879 /* Sources */ = {
			isa = PBXSourcesBuildPhase;
			buildActionMask = 2147483647;
			files = (
				8F973BD32A2BC9D800B52879 /* ShopifyTeam4UITests.swift in Sources */,
				8F973BD52A2BC9D800B52879 /* ShopifyTeam4UITestsLaunchTests.swift in Sources */,
			);
			runOnlyForDeploymentPostprocessing = 0;
		};
/* End PBXSourcesBuildPhase section */

/* Begin PBXTargetDependency section */
		8F973BC62A2BC9D800B52879 /* PBXTargetDependency */ = {
			isa = PBXTargetDependency;
			target = 8F973BAA2A2BC9D500B52879 /* ShopifyTeam4 */;
			targetProxy = 8F973BC52A2BC9D800B52879 /* PBXContainerItemProxy */;
		};
		8F973BD02A2BC9D800B52879 /* PBXTargetDependency */ = {
			isa = PBXTargetDependency;
			target = 8F973BAA2A2BC9D500B52879 /* ShopifyTeam4 */;
			targetProxy = 8F973BCF2A2BC9D800B52879 /* PBXContainerItemProxy */;
		};
/* End PBXTargetDependency section */

/* Begin PBXVariantGroup section */
		8F973BB42A2BC9D500B52879 /* Main.storyboard */ = {
			isa = PBXVariantGroup;
			children = (
				8F973BB52A2BC9D500B52879 /* Base */,
			);
			name = Main.storyboard;
			sourceTree = "<group>";
		};
		8F973BBC2A2BC9D700B52879 /* LaunchScreen.storyboard */ = {
			isa = PBXVariantGroup;
			children = (
				8F973BBD2A2BC9D700B52879 /* Base */,
			);
			name = LaunchScreen.storyboard;
			sourceTree = "<group>";
		};
/* End PBXVariantGroup section */

/* Begin XCBuildConfiguration section */
		8F973BD62A2BC9D800B52879 /* Debug */ = {
			isa = XCBuildConfiguration;
			buildSettings = {
				ALWAYS_SEARCH_USER_PATHS = NO;
				CLANG_ANALYZER_NONNULL = YES;
				CLANG_ANALYZER_NUMBER_OBJECT_CONVERSION = YES_AGGRESSIVE;
				CLANG_CXX_LANGUAGE_STANDARD = "gnu++20";
				CLANG_ENABLE_MODULES = YES;
				CLANG_ENABLE_OBJC_ARC = YES;
				CLANG_ENABLE_OBJC_WEAK = YES;
				CLANG_WARN_BLOCK_CAPTURE_AUTORELEASING = YES;
				CLANG_WARN_BOOL_CONVERSION = YES;
				CLANG_WARN_COMMA = YES;
				CLANG_WARN_CONSTANT_CONVERSION = YES;
				CLANG_WARN_DEPRECATED_OBJC_IMPLEMENTATIONS = YES;
				CLANG_WARN_DIRECT_OBJC_ISA_USAGE = YES_ERROR;
				CLANG_WARN_DOCUMENTATION_COMMENTS = YES;
				CLANG_WARN_EMPTY_BODY = YES;
				CLANG_WARN_ENUM_CONVERSION = YES;
				CLANG_WARN_INFINITE_RECURSION = YES;
				CLANG_WARN_INT_CONVERSION = YES;
				CLANG_WARN_NON_LITERAL_NULL_CONVERSION = YES;
				CLANG_WARN_OBJC_IMPLICIT_RETAIN_SELF = YES;
				CLANG_WARN_OBJC_LITERAL_CONVERSION = YES;
				CLANG_WARN_OBJC_ROOT_CLASS = YES_ERROR;
				CLANG_WARN_QUOTED_INCLUDE_IN_FRAMEWORK_HEADER = YES;
				CLANG_WARN_RANGE_LOOP_ANALYSIS = YES;
				CLANG_WARN_STRICT_PROTOTYPES = YES;
				CLANG_WARN_SUSPICIOUS_MOVE = YES;
				CLANG_WARN_UNGUARDED_AVAILABILITY = YES_AGGRESSIVE;
				CLANG_WARN_UNREACHABLE_CODE = YES;
				CLANG_WARN__DUPLICATE_METHOD_MATCH = YES;
				COPY_PHASE_STRIP = NO;
				DEBUG_INFORMATION_FORMAT = dwarf;
				ENABLE_STRICT_OBJC_MSGSEND = YES;
				ENABLE_TESTABILITY = YES;
				GCC_C_LANGUAGE_STANDARD = gnu11;
				GCC_DYNAMIC_NO_PIC = NO;
				GCC_NO_COMMON_BLOCKS = YES;
				GCC_OPTIMIZATION_LEVEL = 0;
				GCC_PREPROCESSOR_DEFINITIONS = (
					"DEBUG=1",
					"$(inherited)",
				);
				GCC_WARN_64_TO_32_BIT_CONVERSION = YES;
				GCC_WARN_ABOUT_RETURN_TYPE = YES_ERROR;
				GCC_WARN_UNDECLARED_SELECTOR = YES;
				GCC_WARN_UNINITIALIZED_AUTOS = YES_AGGRESSIVE;
				GCC_WARN_UNUSED_FUNCTION = YES;
				GCC_WARN_UNUSED_VARIABLE = YES;
				IPHONEOS_DEPLOYMENT_TARGET = 16.4;
				MTL_ENABLE_DEBUG_INFO = INCLUDE_SOURCE;
				MTL_FAST_MATH = YES;
				ONLY_ACTIVE_ARCH = YES;
				SDKROOT = iphoneos;
				SWIFT_ACTIVE_COMPILATION_CONDITIONS = DEBUG;
				SWIFT_OPTIMIZATION_LEVEL = "-Onone";
			};
			name = Debug;
		};
		8F973BD72A2BC9D800B52879 /* Release */ = {
			isa = XCBuildConfiguration;
			buildSettings = {
				ALWAYS_SEARCH_USER_PATHS = NO;
				CLANG_ANALYZER_NONNULL = YES;
				CLANG_ANALYZER_NUMBER_OBJECT_CONVERSION = YES_AGGRESSIVE;
				CLANG_CXX_LANGUAGE_STANDARD = "gnu++20";
				CLANG_ENABLE_MODULES = YES;
				CLANG_ENABLE_OBJC_ARC = YES;
				CLANG_ENABLE_OBJC_WEAK = YES;
				CLANG_WARN_BLOCK_CAPTURE_AUTORELEASING = YES;
				CLANG_WARN_BOOL_CONVERSION = YES;
				CLANG_WARN_COMMA = YES;
				CLANG_WARN_CONSTANT_CONVERSION = YES;
				CLANG_WARN_DEPRECATED_OBJC_IMPLEMENTATIONS = YES;
				CLANG_WARN_DIRECT_OBJC_ISA_USAGE = YES_ERROR;
				CLANG_WARN_DOCUMENTATION_COMMENTS = YES;
				CLANG_WARN_EMPTY_BODY = YES;
				CLANG_WARN_ENUM_CONVERSION = YES;
				CLANG_WARN_INFINITE_RECURSION = YES;
				CLANG_WARN_INT_CONVERSION = YES;
				CLANG_WARN_NON_LITERAL_NULL_CONVERSION = YES;
				CLANG_WARN_OBJC_IMPLICIT_RETAIN_SELF = YES;
				CLANG_WARN_OBJC_LITERAL_CONVERSION = YES;
				CLANG_WARN_OBJC_ROOT_CLASS = YES_ERROR;
				CLANG_WARN_QUOTED_INCLUDE_IN_FRAMEWORK_HEADER = YES;
				CLANG_WARN_RANGE_LOOP_ANALYSIS = YES;
				CLANG_WARN_STRICT_PROTOTYPES = YES;
				CLANG_WARN_SUSPICIOUS_MOVE = YES;
				CLANG_WARN_UNGUARDED_AVAILABILITY = YES_AGGRESSIVE;
				CLANG_WARN_UNREACHABLE_CODE = YES;
				CLANG_WARN__DUPLICATE_METHOD_MATCH = YES;
				COPY_PHASE_STRIP = NO;
				DEBUG_INFORMATION_FORMAT = "dwarf-with-dsym";
				ENABLE_NS_ASSERTIONS = NO;
				ENABLE_STRICT_OBJC_MSGSEND = YES;
				GCC_C_LANGUAGE_STANDARD = gnu11;
				GCC_NO_COMMON_BLOCKS = YES;
				GCC_WARN_64_TO_32_BIT_CONVERSION = YES;
				GCC_WARN_ABOUT_RETURN_TYPE = YES_ERROR;
				GCC_WARN_UNDECLARED_SELECTOR = YES;
				GCC_WARN_UNINITIALIZED_AUTOS = YES_AGGRESSIVE;
				GCC_WARN_UNUSED_FUNCTION = YES;
				GCC_WARN_UNUSED_VARIABLE = YES;
				IPHONEOS_DEPLOYMENT_TARGET = 16.4;
				MTL_ENABLE_DEBUG_INFO = NO;
				MTL_FAST_MATH = YES;
				SDKROOT = iphoneos;
				SWIFT_COMPILATION_MODE = wholemodule;
				SWIFT_OPTIMIZATION_LEVEL = "-O";
				VALIDATE_PRODUCT = YES;
			};
			name = Release;
		};
		8F973BD92A2BC9D800B52879 /* Debug */ = {
			isa = XCBuildConfiguration;
			baseConfigurationReference = 0D0D1D2082A5D35F9790F773 /* Pods-ShopifyTeam4.debug.xcconfig */;
			buildSettings = {
				ASSETCATALOG_COMPILER_APPICON_NAME = AppIcon;
				ASSETCATALOG_COMPILER_GLOBAL_ACCENT_COLOR_NAME = AccentColor;
				CODE_SIGN_STYLE = Automatic;
				CURRENT_PROJECT_VERSION = 1;
				GENERATE_INFOPLIST_FILE = YES;
				INFOPLIST_FILE = ShopifyTeam4/Info.plist;
				INFOPLIST_KEY_UIApplicationSupportsIndirectInputEvents = YES;
				INFOPLIST_KEY_UILaunchStoryboardName = LaunchScreen;
				INFOPLIST_KEY_UIMainStoryboardFile = Main;
				INFOPLIST_KEY_UISupportedInterfaceOrientations_iPad = "UIInterfaceOrientationPortrait UIInterfaceOrientationPortraitUpsideDown UIInterfaceOrientationLandscapeLeft UIInterfaceOrientationLandscapeRight";
				INFOPLIST_KEY_UISupportedInterfaceOrientations_iPhone = "UIInterfaceOrientationPortrait UIInterfaceOrientationLandscapeLeft UIInterfaceOrientationLandscapeRight";
				LD_RUNPATH_SEARCH_PATHS = (
					"$(inherited)",
					"@executable_path/Frameworks",
				);
				MARKETING_VERSION = 1.0;
				PRODUCT_BUNDLE_IDENTIFIER = saraeltlt.ShopifyTeam4;
				PRODUCT_NAME = "$(TARGET_NAME)";
				SWIFT_EMIT_LOC_STRINGS = YES;
				SWIFT_VERSION = 5.0;
				TARGETED_DEVICE_FAMILY = "1,2";
			};
			name = Debug;
		};
		8F973BDA2A2BC9D800B52879 /* Release */ = {
			isa = XCBuildConfiguration;
			baseConfigurationReference = 3937AEBB699CA113733B28ED /* Pods-ShopifyTeam4.release.xcconfig */;
			buildSettings = {
				ASSETCATALOG_COMPILER_APPICON_NAME = AppIcon;
				ASSETCATALOG_COMPILER_GLOBAL_ACCENT_COLOR_NAME = AccentColor;
				CODE_SIGN_STYLE = Automatic;
				CURRENT_PROJECT_VERSION = 1;
				GENERATE_INFOPLIST_FILE = YES;
				INFOPLIST_FILE = ShopifyTeam4/Info.plist;
				INFOPLIST_KEY_UIApplicationSupportsIndirectInputEvents = YES;
				INFOPLIST_KEY_UILaunchStoryboardName = LaunchScreen;
				INFOPLIST_KEY_UIMainStoryboardFile = Main;
				INFOPLIST_KEY_UISupportedInterfaceOrientations_iPad = "UIInterfaceOrientationPortrait UIInterfaceOrientationPortraitUpsideDown UIInterfaceOrientationLandscapeLeft UIInterfaceOrientationLandscapeRight";
				INFOPLIST_KEY_UISupportedInterfaceOrientations_iPhone = "UIInterfaceOrientationPortrait UIInterfaceOrientationLandscapeLeft UIInterfaceOrientationLandscapeRight";
				LD_RUNPATH_SEARCH_PATHS = (
					"$(inherited)",
					"@executable_path/Frameworks",
				);
				MARKETING_VERSION = 1.0;
				PRODUCT_BUNDLE_IDENTIFIER = saraeltlt.ShopifyTeam4;
				PRODUCT_NAME = "$(TARGET_NAME)";
				SWIFT_EMIT_LOC_STRINGS = YES;
				SWIFT_VERSION = 5.0;
				TARGETED_DEVICE_FAMILY = "1,2";
			};
			name = Release;
		};
		8F973BDC2A2BC9D800B52879 /* Debug */ = {
			isa = XCBuildConfiguration;
			baseConfigurationReference = 6D3DDBF2059C27E6C2446150 /* Pods-ShopifyTeam4Tests.debug.xcconfig */;
			buildSettings = {
				ALWAYS_EMBED_SWIFT_STANDARD_LIBRARIES = YES;
				BUNDLE_LOADER = "$(TEST_HOST)";
				CODE_SIGN_STYLE = Automatic;
				CURRENT_PROJECT_VERSION = 1;
				GENERATE_INFOPLIST_FILE = YES;
				IPHONEOS_DEPLOYMENT_TARGET = 16.4;
				MARKETING_VERSION = 1.0;
				PRODUCT_BUNDLE_IDENTIFIER = saraeltlt.ShopifyTeam4Tests;
				PRODUCT_NAME = "$(TARGET_NAME)";
				SWIFT_EMIT_LOC_STRINGS = NO;
				SWIFT_VERSION = 5.0;
				TARGETED_DEVICE_FAMILY = "1,2";
				TEST_HOST = "$(BUILT_PRODUCTS_DIR)/ShopifyTeam4.app/$(BUNDLE_EXECUTABLE_FOLDER_PATH)/ShopifyTeam4";
			};
			name = Debug;
		};
		8F973BDD2A2BC9D800B52879 /* Release */ = {
			isa = XCBuildConfiguration;
			baseConfigurationReference = D82B044081D05DAE6894E45E /* Pods-ShopifyTeam4Tests.release.xcconfig */;
			buildSettings = {
				ALWAYS_EMBED_SWIFT_STANDARD_LIBRARIES = YES;
				BUNDLE_LOADER = "$(TEST_HOST)";
				CODE_SIGN_STYLE = Automatic;
				CURRENT_PROJECT_VERSION = 1;
				GENERATE_INFOPLIST_FILE = YES;
				IPHONEOS_DEPLOYMENT_TARGET = 16.4;
				MARKETING_VERSION = 1.0;
				PRODUCT_BUNDLE_IDENTIFIER = saraeltlt.ShopifyTeam4Tests;
				PRODUCT_NAME = "$(TARGET_NAME)";
				SWIFT_EMIT_LOC_STRINGS = NO;
				SWIFT_VERSION = 5.0;
				TARGETED_DEVICE_FAMILY = "1,2";
				TEST_HOST = "$(BUILT_PRODUCTS_DIR)/ShopifyTeam4.app/$(BUNDLE_EXECUTABLE_FOLDER_PATH)/ShopifyTeam4";
			};
			name = Release;
		};
		8F973BDF2A2BC9D800B52879 /* Debug */ = {
			isa = XCBuildConfiguration;
			baseConfigurationReference = 8687C8E10B9B5C60DFD86184 /* Pods-ShopifyTeam4-ShopifyTeam4UITests.debug.xcconfig */;
			buildSettings = {
				ALWAYS_EMBED_SWIFT_STANDARD_LIBRARIES = YES;
				CODE_SIGN_STYLE = Automatic;
				CURRENT_PROJECT_VERSION = 1;
				GENERATE_INFOPLIST_FILE = YES;
				MARKETING_VERSION = 1.0;
				PRODUCT_BUNDLE_IDENTIFIER = saraeltlt.ShopifyTeam4UITests;
				PRODUCT_NAME = "$(TARGET_NAME)";
				SWIFT_EMIT_LOC_STRINGS = NO;
				SWIFT_VERSION = 5.0;
				TARGETED_DEVICE_FAMILY = "1,2";
				TEST_TARGET_NAME = ShopifyTeam4;
			};
			name = Debug;
		};
		8F973BE02A2BC9D800B52879 /* Release */ = {
			isa = XCBuildConfiguration;
			baseConfigurationReference = D3E4FD4D47ABDE5F104F3F09 /* Pods-ShopifyTeam4-ShopifyTeam4UITests.release.xcconfig */;
			buildSettings = {
				ALWAYS_EMBED_SWIFT_STANDARD_LIBRARIES = YES;
				CODE_SIGN_STYLE = Automatic;
				CURRENT_PROJECT_VERSION = 1;
				GENERATE_INFOPLIST_FILE = YES;
				MARKETING_VERSION = 1.0;
				PRODUCT_BUNDLE_IDENTIFIER = saraeltlt.ShopifyTeam4UITests;
				PRODUCT_NAME = "$(TARGET_NAME)";
				SWIFT_EMIT_LOC_STRINGS = NO;
				SWIFT_VERSION = 5.0;
				TARGETED_DEVICE_FAMILY = "1,2";
				TEST_TARGET_NAME = ShopifyTeam4;
			};
			name = Release;
		};
/* End XCBuildConfiguration section */

/* Begin XCConfigurationList section */
		8F973BA62A2BC9D500B52879 /* Build configuration list for PBXProject "ShopifyTeam4" */ = {
			isa = XCConfigurationList;
			buildConfigurations = (
				8F973BD62A2BC9D800B52879 /* Debug */,
				8F973BD72A2BC9D800B52879 /* Release */,
			);
			defaultConfigurationIsVisible = 0;
			defaultConfigurationName = Release;
		};
		8F973BD82A2BC9D800B52879 /* Build configuration list for PBXNativeTarget "ShopifyTeam4" */ = {
			isa = XCConfigurationList;
			buildConfigurations = (
				8F973BD92A2BC9D800B52879 /* Debug */,
				8F973BDA2A2BC9D800B52879 /* Release */,
			);
			defaultConfigurationIsVisible = 0;
			defaultConfigurationName = Release;
		};
		8F973BDB2A2BC9D800B52879 /* Build configuration list for PBXNativeTarget "ShopifyTeam4Tests" */ = {
			isa = XCConfigurationList;
			buildConfigurations = (
				8F973BDC2A2BC9D800B52879 /* Debug */,
				8F973BDD2A2BC9D800B52879 /* Release */,
			);
			defaultConfigurationIsVisible = 0;
			defaultConfigurationName = Release;
		};
		8F973BDE2A2BC9D800B52879 /* Build configuration list for PBXNativeTarget "ShopifyTeam4UITests" */ = {
			isa = XCConfigurationList;
			buildConfigurations = (
				8F973BDF2A2BC9D800B52879 /* Debug */,
				8F973BE02A2BC9D800B52879 /* Release */,
			);
			defaultConfigurationIsVisible = 0;
			defaultConfigurationName = Release;
		};
/* End XCConfigurationList section */

/* Begin XCVersionGroup section */
		8F973BB72A2BC9D500B52879 /* ShopifyTeam4.xcdatamodeld */ = {
			isa = XCVersionGroup;
			children = (
				8F973BB82A2BC9D500B52879 /* ShopifyTeam4.xcdatamodel */,
			);
			currentVersion = 8F973BB82A2BC9D500B52879 /* ShopifyTeam4.xcdatamodel */;
			path = ShopifyTeam4.xcdatamodeld;
			sourceTree = "<group>";
			versionGroupType = wrapper.xcdatamodel;
		};
/* End XCVersionGroup section */
	};
	rootObject = 8F973BA32A2BC9D500B52879 /* Project object */;
}
